
Microsoft Visual Studio Solution File, Format Version 12.00
# Visual Studio 14
VisualStudioVersion = 14.0.25029.0
MinimumVisualStudioVersion = 10.0.40219.1
Project("{2150E333-8FDC-42A3-9474-1A3956D46DE8}") = "HTTP", "HTTP", "{7298B434-C820-4B3E-AB92-1665CA656097}"
EndProject
Project("{2150E333-8FDC-42A3-9474-1A3956D46DE8}") = "Sockets", "Sockets", "{E2D616BA-47B8-46CE-865B-799E3DD85B91}"
EndProject
Project("{2150E333-8FDC-42A3-9474-1A3956D46DE8}") = "TCP", "TCP", "{C30EDF85-C897-4D3F-AB7A-C15E5348D906}"
EndProject
Project("{2150E333-8FDC-42A3-9474-1A3956D46DE8}") = "UDP", "UDP", "{C1033298-12D6-435C-A2B9-434E9C0ADBBB}"
EndProject
Project("{FAE04EC0-301F-11D3-BF4B-00C04F79EFBC}") = "HttpClientSample", "HttpClientSample\HttpClientSample.csproj", "{CA5FABD3-3500-4D73-9860-F4C0FCC96645}"
EndProject
Project("{FAE04EC0-301F-11D3-BF4B-00C04F79EFBC}") = "HttpServer", "HttpServer\HttpServer.csproj", "{CC2DFCA5-5166-4178-9E6A-9BDD5FDFF626}"
EndProject
Project("{FAE04EC0-301F-11D3-BF4B-00C04F79EFBC}") = "SocketClient", "SocketClient\SocketClient.csproj", "{04629EBC-87E6-4216-8593-B8270C72F939}"
EndProject
Project("{FAE04EC0-301F-11D3-BF4B-00C04F79EFBC}") = "SocketServer", "SocketServer\SocketServer.csproj", "{DA17EE22-BB19-4DDC-A568-492172684D69}"
EndProject
Project("{FAE04EC0-301F-11D3-BF4B-00C04F79EFBC}") = "HttpClientUsingTcp", "HttpClientUsingTcp\HttpClientUsingTcp.csproj", "{F69D918A-0E15-4A6D-92AD-6ABB6D260409}"
EndProject
Project("{FAE04EC0-301F-11D3-BF4B-00C04F79EFBC}") = "TcpClientSample", "TcpClientSample\TcpClientSample.csproj", "{44465FE1-1F97-40E5-8F49-17D7717C9887}"
EndProject
Project("{FAE04EC0-301F-11D3-BF4B-00C04F79EFBC}") = "TcpServer", "TcpServer\TcpServer.csproj", "{C74485B1-8A51-4F86-AE35-3B17F4C6291D}"
EndProject
Project("{FAE04EC0-301F-11D3-BF4B-00C04F79EFBC}") = "UdpReceiver", "UdpReceiver\UdpReceiver.csproj", "{B8746507-087F-4752-9166-F0E8D51477A3}"
EndProject
Project("{FAE04EC0-301F-11D3-BF4B-00C04F79EFBC}") = "UdpSender", "UdpSender\UdpSender.csproj", "{657783F3-8E9B-4251-8153-BB9477BDD58E}"
EndProject
Global
	GlobalSection(SolutionConfigurationPlatforms) = preSolution
		Debug|Any CPU = Debug|Any CPU
		Release|Any CPU = Release|Any CPU
	EndGlobalSection
	GlobalSection(ProjectConfigurationPlatforms) = postSolution
		{CA5FABD3-3500-4D73-9860-F4C0FCC96645}.Debug|Any CPU.ActiveCfg = Debug|Any CPU
		{CA5FABD3-3500-4D73-9860-F4C0FCC96645}.Debug|Any CPU.Build.0 = Debug|Any CPU
		{CA5FABD3-3500-4D73-9860-F4C0FCC96645}.Release|Any CPU.ActiveCfg = Release|Any CPU
		{CA5FABD3-3500-4D73-9860-F4C0FCC96645}.Release|Any CPU.Build.0 = Release|Any CPU
		{CC2DFCA5-5166-4178-9E6A-9BDD5FDFF626}.Debug|Any CPU.ActiveCfg = Debug|Any CPU
		{CC2DFCA5-5166-4178-9E6A-9BDD5FDFF626}.Debug|Any CPU.Build.0 = Debug|Any CPU
		{CC2DFCA5-5166-4178-9E6A-9BDD5FDFF626}.Release|Any CPU.ActiveCfg = Release|Any CPU
		{CC2DFCA5-5166-4178-9E6A-9BDD5FDFF626}.Release|Any CPU.Build.0 = Release|Any CPU
		{04629EBC-87E6-4216-8593-B8270C72F939}.Debug|Any CPU.ActiveCfg = Debug|Any CPU
		{04629EBC-87E6-4216-8593-B8270C72F939}.Debug|Any CPU.Build.0 = Debug|Any CPU
		{04629EBC-87E6-4216-8593-B8270C72F939}.Release|Any CPU.ActiveCfg = Release|Any CPU
		{04629EBC-87E6-4216-8593-B8270C72F939}.Release|Any CPU.Build.0 = Release|Any CPU
		{DA17EE22-BB19-4DDC-A568-492172684D69}.Debug|Any CPU.ActiveCfg = Debug|Any CPU
		{DA17EE22-BB19-4DDC-A568-492172684D69}.Debug|Any CPU.Build.0 = Debug|Any CPU
		{DA17EE22-BB19-4DDC-A568-492172684D69}.Release|Any CPU.ActiveCfg = Release|Any CPU
		{DA17EE22-BB19-4DDC-A568-492172684D69}.Release|Any CPU.Build.0 = Release|Any CPU
		{F69D918A-0E15-4A6D-92AD-6ABB6D260409}.Debug|Any CPU.ActiveCfg = Debug|Any CPU
		{F69D918A-0E15-4A6D-92AD-6ABB6D260409}.Debug|Any CPU.Build.0 = Debug|Any CPU
		{F69D918A-0E15-4A6D-92AD-6ABB6D260409}.Release|Any CPU.ActiveCfg = Release|Any CPU
		{F69D918A-0E15-4A6D-92AD-6ABB6D260409}.Release|Any CPU.Build.0 = Release|Any CPU
		{44465FE1-1F97-40E5-8F49-17D7717C9887}.Debug|Any CPU.ActiveCfg = Debug|Any CPU
		{44465FE1-1F97-40E5-8F49-17D7717C9887}.Debug|Any CPU.Build.0 = Debug|Any CPU
		{44465FE1-1F97-40E5-8F49-17D7717C9887}.Release|Any CPU.ActiveCfg = Release|Any CPU
		{44465FE1-1F97-40E5-8F49-17D7717C9887}.Release|Any CPU.Build.0 = Release|Any CPU
		{C74485B1-8A51-4F86-AE35-3B17F4C6291D}.Debug|Any CPU.ActiveCfg = Debug|Any CPU
		{C74485B1-8A51-4F86-AE35-3B17F4C6291D}.Debug|Any CPU.Build.0 = Debug|Any CPU
		{C74485B1-8A51-4F86-AE35-3B17F4C6291D}.Release|Any CPU.ActiveCfg = Release|Any CPU
		{C74485B1-8A51-4F86-AE35-3B17F4C6291D}.Release|Any CPU.Build.0 = Release|Any CPU
		{B8746507-087F-4752-9166-F0E8D51477A3}.Debug|Any CPU.ActiveCfg = Debug|Any CPU
		{B8746507-087F-4752-9166-F0E8D51477A3}.Debug|Any CPU.Build.0 = Debug|Any CPU
		{B8746507-087F-4752-9166-F0E8D51477A3}.Release|Any CPU.ActiveCfg = Release|Any CPU
		{B8746507-087F-4752-9166-F0E8D51477A3}.Release|Any CPU.Build.0 = Release|Any CPU
		{657783F3-8E9B-4251-8153-BB9477BDD58E}.Debug|Any CPU.ActiveCfg = Debug|Any CPU
		{657783F3-8E9B-4251-8153-BB9477BDD58E}.Debug|Any CPU.Build.0 = Debug|Any CPU
		{657783F3-8E9B-4251-8153-BB9477BDD58E}.Release|Any CPU.ActiveCfg = Release|Any CPU
		{657783F3-8E9B-4251-8153-BB9477BDD58E}.Release|Any CPU.Build.0 = Release|Any CPU
	EndGlobalSection
	GlobalSection(SolutionProperties) = preSolution
		HideSolutionNode = FALSE
	EndGlobalSection
	GlobalSection(NestedProjects) = preSolution
		{CA5FABD3-3500-4D73-9860-F4C0FCC96645} = {7298B434-C820-4B3E-AB92-1665CA656097}
		{CC2DFCA5-5166-4178-9E6A-9BDD5FDFF626} = {7298B434-C820-4B3E-AB92-1665CA656097}
		{04629EBC-87E6-4216-8593-B8270C72F939} = {E2D616BA-47B8-46CE-865B-799E3DD85B91}
		{DA17EE22-BB19-4DDC-A568-492172684D69} = {E2D616BA-47B8-46CE-865B-799E3DD85B91}
		{F69D918A-0E15-4A6D-92AD-6ABB6D260409} = {C30EDF85-C897-4D3F-AB7A-C15E5348D906}
		{44465FE1-1F97-40E5-8F49-17D7717C9887} = {C30EDF85-C897-4D3F-AB7A-C15E5348D906}
		{C74485B1-8A51-4F86-AE35-3B17F4C6291D} = {C30EDF85-C897-4D3F-AB7A-C15E5348D906}
		{B8746507-087F-4752-9166-F0E8D51477A3} = {C1033298-12D6-435C-A2B9-434E9C0ADBBB}
		{657783F3-8E9B-4251-8153-BB9477BDD58E} = {C1033298-12D6-435C-A2B9-434E9C0ADBBB}
	EndGlobalSection
EndGlobal
