
Microsoft Visual Studio Solution File, Format Version 12.00
# Visual Studio 15
VisualStudioVersion = 15.0.26403.3
MinimumVisualStudioVersion = 10.0.40219.1
Project("{2150E333-8FDC-42A3-9474-1A3956D46DE8}") = "src", "src", "{08842529-3C19-4C08-AE0A-D08D7BD2D222}"
EndProject
Project("{2150E333-8FDC-42A3-9474-1A3956D46DE8}") = "Solution Items", "Solution Items", "{D57881B3-51A7-45AE-9E4D-1E65985515FC}"
EndProject
Project("{9A19103F-16F7-4668-BE54-9A1E7A4F7556}") = "MVCSampleApp", "src\MVCSampleApp\MVCSampleApp.csproj", "{2D58727B-DBC8-4035-9184-41B0850BA9F2}"
EndProject
Project("{FAE04EC0-301F-11D3-BF4B-00C04F79EFBC}") = "WebApplication1", "WebApplication1\WebApplication1.csproj", "{35F301C3-9F7A-4CF8-A85C-C5099547B85F}"
EndProject
Global
	GlobalSection(SolutionConfigurationPlatforms) = preSolution
		Debug|Any CPU = Debug|Any CPU
		Release|Any CPU = Release|Any CPU
	EndGlobalSection
	GlobalSection(ProjectConfigurationPlatforms) = postSolution
		{2D58727B-DBC8-4035-9184-41B0850BA9F2}.Debug|Any CPU.ActiveCfg = Debug|Any CPU
		{2D58727B-DBC8-4035-9184-41B0850BA9F2}.Debug|Any CPU.Build.0 = Debug|Any CPU
		{2D58727B-DBC8-4035-9184-41B0850BA9F2}.Release|Any CPU.ActiveCfg = Release|Any CPU
		{2D58727B-DBC8-4035-9184-41B0850BA9F2}.Release|Any CPU.Build.0 = Release|Any CPU
		{35F301C3-9F7A-4CF8-A85C-C5099547B85F}.Debug|Any CPU.ActiveCfg = Debug|Any CPU
		{35F301C3-9F7A-4CF8-A85C-C5099547B85F}.Debug|Any CPU.Build.0 = Debug|Any CPU
		{35F301C3-9F7A-4CF8-A85C-C5099547B85F}.Release|Any CPU.ActiveCfg = Release|Any CPU
		{35F301C3-9F7A-4CF8-A85C-C5099547B85F}.Release|Any CPU.Build.0 = Release|Any CPU
	EndGlobalSection
	GlobalSection(SolutionProperties) = preSolution
		HideSolutionNode = FALSE
	EndGlobalSection
	GlobalSection(NestedProjects) = preSolution
		{2D58727B-DBC8-4035-9184-41B0850BA9F2} = {08842529-3C19-4C08-AE0A-D08D7BD2D222}
	EndGlobalSection
EndGlobal
