
Microsoft Visual Studio Solution File, Format Version 12.00
# Visual Studio 14
VisualStudioVersion = 14.0.24627.0
MinimumVisualStudioVersion = 10.0.40219.1
Project("{FAE04EC0-301F-11D3-BF4B-00C04F79EFBC}") = "ClientWPF", "ClientWPF\ClientWPF.csproj", "{877957BC-B087-4CF4-9775-070FCA12ABC4}"
EndProject
Project("{FAE04EC0-301F-11D3-BF4B-00C04F79EFBC}") = "AppSupport", "AppSupport\AppSupport.csproj", "{7F012C72-E64B-4DDB-8B47-7CF2F6EE4F14}"
EndProject
Global
	GlobalSection(SolutionConfigurationPlatforms) = preSolution
		Debug|Any CPU = Debug|Any CPU
		Release|Any CPU = Release|Any CPU
	EndGlobalSection
	GlobalSection(ProjectConfigurationPlatforms) = postSolution
		{877957BC-B087-4CF4-9775-070FCA12ABC4}.Debug|Any CPU.ActiveCfg = Debug|Any CPU
		{877957BC-B087-4CF4-9775-070FCA12ABC4}.Debug|Any CPU.Build.0 = Debug|Any CPU
		{877957BC-B087-4CF4-9775-070FCA12ABC4}.Release|Any CPU.ActiveCfg = Release|Any CPU
		{877957BC-B087-4CF4-9775-070FCA12ABC4}.Release|Any CPU.Build.0 = Release|Any CPU
		{7F012C72-E64B-4DDB-8B47-7CF2F6EE4F14}.Debug|Any CPU.ActiveCfg = Debug|Any CPU
		{7F012C72-E64B-4DDB-8B47-7CF2F6EE4F14}.Debug|Any CPU.Build.0 = Debug|Any CPU
		{7F012C72-E64B-4DDB-8B47-7CF2F6EE4F14}.Release|Any CPU.ActiveCfg = Release|Any CPU
		{7F012C72-E64B-4DDB-8B47-7CF2F6EE4F14}.Release|Any CPU.Build.0 = Release|Any CPU
	EndGlobalSection
	GlobalSection(SolutionProperties) = preSolution
		HideSolutionNode = FALSE
	EndGlobalSection
EndGlobal
