
Microsoft Visual Studio Solution File, Format Version 12.00
# Visual Studio 15
VisualStudioVersion = 15.0.26403.3
MinimumVisualStudioVersion = 10.0.40219.1
Project("{9A19103F-16F7-4668-BE54-9A1E7A4F7556}") = "BooksSample", "BooksSample\BooksSample.csproj", "{806E132B-5655-4957-9D85-B957C0F91233}"
EndProject
Project("{9A19103F-16F7-4668-BE54-9A1E7A4F7556}") = "MenusSample", "MenusSample\MenusSample.csproj", "{8DD48ACB-66A4-4F13-9A60-AC2ACF430C91}"
EndProject
Project("{FAE04EC0-301F-11D3-BF4B-00C04F79EFBC}") = "MenusSampleMSBuild", "MenusSampleMSBuild\MenusSampleMSBuild.csproj", "{FF10B88D-9914-43F0-915D-5E16B2B8B70E}"
EndProject
Project("{9A19103F-16F7-4668-BE54-9A1E7A4F7556}") = "MenusWithDataAnnotations", "MenusWithDataAnnotations\MenusWithDataAnnotations.csproj", "{4B69ABD7-D532-4ECE-BE20-3225CCEFE1D6}"
EndProject
Project("{9A19103F-16F7-4668-BE54-9A1E7A4F7556}") = "BooksSampleWithDI", "BooksSampleWithDI\BooksSampleWithDI.csproj", "{6B9EB32A-88FA-474E-BBB1-6FD65BCFE758}"
EndProject
Project("{9A19103F-16F7-4668-BE54-9A1E7A4F7556}") = "ConflictHandlingSample", "ConflictHandlingSample\ConflictHandlingSample.csproj", "{83453ECB-BC74-456A-99CB-4E217DBF8D40}"
EndProject
Project("{9A19103F-16F7-4668-BE54-9A1E7A4F7556}") = "TransactionSample", "TransactionSample\TransactionSample.csproj", "{7A8433CE-447D-457A-9BF7-3659033426A8}"
EndProject
Project("{9A19103F-16F7-4668-BE54-9A1E7A4F7556}") = "CreateBooksDatabase", "CreateBooksDatabase\CreateBooksDatabase.csproj", "{B7CD853B-A325-4293-9464-8CE6F50DF60A}"
EndProject
Global
	GlobalSection(SolutionConfigurationPlatforms) = preSolution
		Debug|Any CPU = Debug|Any CPU
		Release|Any CPU = Release|Any CPU
	EndGlobalSection
	GlobalSection(ProjectConfigurationPlatforms) = postSolution
		{806E132B-5655-4957-9D85-B957C0F91233}.Debug|Any CPU.ActiveCfg = Debug|Any CPU
		{806E132B-5655-4957-9D85-B957C0F91233}.Debug|Any CPU.Build.0 = Debug|Any CPU
		{806E132B-5655-4957-9D85-B957C0F91233}.Release|Any CPU.ActiveCfg = Release|Any CPU
		{806E132B-5655-4957-9D85-B957C0F91233}.Release|Any CPU.Build.0 = Release|Any CPU
		{8DD48ACB-66A4-4F13-9A60-AC2ACF430C91}.Debug|Any CPU.ActiveCfg = Debug|Any CPU
		{8DD48ACB-66A4-4F13-9A60-AC2ACF430C91}.Debug|Any CPU.Build.0 = Debug|Any CPU
		{8DD48ACB-66A4-4F13-9A60-AC2ACF430C91}.Release|Any CPU.ActiveCfg = Release|Any CPU
		{8DD48ACB-66A4-4F13-9A60-AC2ACF430C91}.Release|Any CPU.Build.0 = Release|Any CPU
		{FF10B88D-9914-43F0-915D-5E16B2B8B70E}.Debug|Any CPU.ActiveCfg = Debug|Any CPU
		{FF10B88D-9914-43F0-915D-5E16B2B8B70E}.Debug|Any CPU.Build.0 = Debug|Any CPU
		{FF10B88D-9914-43F0-915D-5E16B2B8B70E}.Release|Any CPU.ActiveCfg = Release|Any CPU
		{FF10B88D-9914-43F0-915D-5E16B2B8B70E}.Release|Any CPU.Build.0 = Release|Any CPU
		{4B69ABD7-D532-4ECE-BE20-3225CCEFE1D6}.Debug|Any CPU.ActiveCfg = Debug|Any CPU
		{4B69ABD7-D532-4ECE-BE20-3225CCEFE1D6}.Debug|Any CPU.Build.0 = Debug|Any CPU
		{4B69ABD7-D532-4ECE-BE20-3225CCEFE1D6}.Release|Any CPU.ActiveCfg = Release|Any CPU
		{4B69ABD7-D532-4ECE-BE20-3225CCEFE1D6}.Release|Any CPU.Build.0 = Release|Any CPU
		{6B9EB32A-88FA-474E-BBB1-6FD65BCFE758}.Debug|Any CPU.ActiveCfg = Debug|Any CPU
		{6B9EB32A-88FA-474E-BBB1-6FD65BCFE758}.Debug|Any CPU.Build.0 = Debug|Any CPU
		{6B9EB32A-88FA-474E-BBB1-6FD65BCFE758}.Release|Any CPU.ActiveCfg = Release|Any CPU
		{6B9EB32A-88FA-474E-BBB1-6FD65BCFE758}.Release|Any CPU.Build.0 = Release|Any CPU
		{83453ECB-BC74-456A-99CB-4E217DBF8D40}.Debug|Any CPU.ActiveCfg = Debug|Any CPU
		{83453ECB-BC74-456A-99CB-4E217DBF8D40}.Debug|Any CPU.Build.0 = Debug|Any CPU
		{83453ECB-BC74-456A-99CB-4E217DBF8D40}.Release|Any CPU.ActiveCfg = Release|Any CPU
		{83453ECB-BC74-456A-99CB-4E217DBF8D40}.Release|Any CPU.Build.0 = Release|Any CPU
		{7A8433CE-447D-457A-9BF7-3659033426A8}.Debug|Any CPU.ActiveCfg = Debug|Any CPU
		{7A8433CE-447D-457A-9BF7-3659033426A8}.Debug|Any CPU.Build.0 = Debug|Any CPU
		{7A8433CE-447D-457A-9BF7-3659033426A8}.Release|Any CPU.ActiveCfg = Release|Any CPU
		{7A8433CE-447D-457A-9BF7-3659033426A8}.Release|Any CPU.Build.0 = Release|Any CPU
		{B7CD853B-A325-4293-9464-8CE6F50DF60A}.Debug|Any CPU.ActiveCfg = Debug|Any CPU
		{B7CD853B-A325-4293-9464-8CE6F50DF60A}.Debug|Any CPU.Build.0 = Debug|Any CPU
		{B7CD853B-A325-4293-9464-8CE6F50DF60A}.Release|Any CPU.ActiveCfg = Release|Any CPU
		{B7CD853B-A325-4293-9464-8CE6F50DF60A}.Release|Any CPU.Build.0 = Release|Any CPU
	EndGlobalSection
	GlobalSection(SolutionProperties) = preSolution
		HideSolutionNode = FALSE
	EndGlobalSection
EndGlobal
