
Microsoft Visual Studio Solution File, Format Version 12.00
# Visual Studio 14
VisualStudioVersion = 14.0.25029.0
MinimumVisualStudioVersion = 10.0.40219.1
Project("{FAE04EC0-301F-11D3-BF4B-00C04F79EFBC}") = "WhatsNewAttributes", "WhatsNewAttributes\WhatsNewAttributes.csproj", "{5D37FAF4-A30E-4160-B34F-6278B3540978}"
EndProject
Project("{FAE04EC0-301F-11D3-BF4B-00C04F79EFBC}") = "VectorClass", "VectorClass\VectorClass.csproj", "{326E54AE-7251-4A2C-8CCE-9ABD4E171348}"
EndProject
Project("{FAE04EC0-301F-11D3-BF4B-00C04F79EFBC}") = "TypeView", "TypeView\TypeView.csproj", "{6F0BF351-FA48-4E30-A457-0B5F72C80BC4}"
EndProject
Project("{FAE04EC0-301F-11D3-BF4B-00C04F79EFBC}") = "LookupWhatsNew", "LookupWhatsNew\LookupWhatsNew.csproj", "{E22B7CE4-FF91-44CF-8B03-77BCECB2CA73}"
EndProject
Global
	GlobalSection(SolutionConfigurationPlatforms) = preSolution
		Debug|Any CPU = Debug|Any CPU
		Release|Any CPU = Release|Any CPU
	EndGlobalSection
	GlobalSection(ProjectConfigurationPlatforms) = postSolution
		{5D37FAF4-A30E-4160-B34F-6278B3540978}.Debug|Any CPU.ActiveCfg = Debug|Any CPU
		{5D37FAF4-A30E-4160-B34F-6278B3540978}.Debug|Any CPU.Build.0 = Debug|Any CPU
		{5D37FAF4-A30E-4160-B34F-6278B3540978}.Release|Any CPU.ActiveCfg = Release|Any CPU
		{5D37FAF4-A30E-4160-B34F-6278B3540978}.Release|Any CPU.Build.0 = Release|Any CPU
		{326E54AE-7251-4A2C-8CCE-9ABD4E171348}.Debug|Any CPU.ActiveCfg = Debug|Any CPU
		{326E54AE-7251-4A2C-8CCE-9ABD4E171348}.Debug|Any CPU.Build.0 = Debug|Any CPU
		{326E54AE-7251-4A2C-8CCE-9ABD4E171348}.Release|Any CPU.ActiveCfg = Release|Any CPU
		{326E54AE-7251-4A2C-8CCE-9ABD4E171348}.Release|Any CPU.Build.0 = Release|Any CPU
		{6F0BF351-FA48-4E30-A457-0B5F72C80BC4}.Debug|Any CPU.ActiveCfg = Debug|Any CPU
		{6F0BF351-FA48-4E30-A457-0B5F72C80BC4}.Debug|Any CPU.Build.0 = Debug|Any CPU
		{6F0BF351-FA48-4E30-A457-0B5F72C80BC4}.Release|Any CPU.ActiveCfg = Release|Any CPU
		{6F0BF351-FA48-4E30-A457-0B5F72C80BC4}.Release|Any CPU.Build.0 = Release|Any CPU
		{E22B7CE4-FF91-44CF-8B03-77BCECB2CA73}.Debug|Any CPU.ActiveCfg = Debug|Any CPU
		{E22B7CE4-FF91-44CF-8B03-77BCECB2CA73}.Debug|Any CPU.Build.0 = Debug|Any CPU
		{E22B7CE4-FF91-44CF-8B03-77BCECB2CA73}.Release|Any CPU.ActiveCfg = Release|Any CPU
		{E22B7CE4-FF91-44CF-8B03-77BCECB2CA73}.Release|Any CPU.Build.0 = Release|Any CPU
	EndGlobalSection
	GlobalSection(SolutionProperties) = preSolution
		HideSolutionNode = FALSE
	EndGlobalSection
EndGlobal
