
Microsoft Visual Studio Solution File, Format Version 12.00
# Visual Studio 14
VisualStudioVersion = 14.0.25029.0
MinimumVisualStudioVersion = 10.0.40219.1
Project("{FAE04EC0-301F-11D3-BF4B-00C04F79EFBC}") = "AsyncLib", "AsyncLib\AsyncLib.csproj", "{88B74037-C47C-4B8D-99A0-800726085711}"
EndProject
Project("{FAE04EC0-301F-11D3-BF4B-00C04F79EFBC}") = "AsyncPatternsWPF", "AsyncPatternsWPF\AsyncPatternsWPF.csproj", "{AAEF53D2-8AD0-4125-B914-88E4D1B27D73}"
EndProject
Project("{8BB2217D-0F2D-49D1-97BC-3654ED321F3B}") = "Foundations", "Foundations\Foundations.xproj", "{412C66DB-F92D-4D9F-8510-26600064A40A}"
EndProject
Project("{8BB2217D-0F2D-49D1-97BC-3654ED321F3B}") = "ErrorHandling", "ErrorHandling\ErrorHandling.xproj", "{2880F972-FE3D-489B-A141-37C1ACDBDDA7}"
EndProject
Project("{FAE04EC0-301F-11D3-BF4B-00C04F79EFBC}") = "Net46ErrorHandling", "Net46ErrorHandling\Net46ErrorHandling.csproj", "{6448CCAB-09F8-4BDC-9222-9FC614D9D283}"
EndProject
Project("{FAE04EC0-301F-11D3-BF4B-00C04F79EFBC}") = "Net46Foundations", "Net46Foundations\Net46Foundations.csproj", "{33222D84-A67A-4C3B-80D9-5A01FE9E4DA3}"
EndProject
Global
	GlobalSection(SolutionConfigurationPlatforms) = preSolution
		Debug|Any CPU = Debug|Any CPU
		Release|Any CPU = Release|Any CPU
	EndGlobalSection
	GlobalSection(ProjectConfigurationPlatforms) = postSolution
		{88B74037-C47C-4B8D-99A0-800726085711}.Debug|Any CPU.ActiveCfg = Debug|Any CPU
		{88B74037-C47C-4B8D-99A0-800726085711}.Debug|Any CPU.Build.0 = Debug|Any CPU
		{88B74037-C47C-4B8D-99A0-800726085711}.Release|Any CPU.ActiveCfg = Release|Any CPU
		{88B74037-C47C-4B8D-99A0-800726085711}.Release|Any CPU.Build.0 = Release|Any CPU
		{AAEF53D2-8AD0-4125-B914-88E4D1B27D73}.Debug|Any CPU.ActiveCfg = Debug|Any CPU
		{AAEF53D2-8AD0-4125-B914-88E4D1B27D73}.Debug|Any CPU.Build.0 = Debug|Any CPU
		{AAEF53D2-8AD0-4125-B914-88E4D1B27D73}.Release|Any CPU.ActiveCfg = Release|Any CPU
		{AAEF53D2-8AD0-4125-B914-88E4D1B27D73}.Release|Any CPU.Build.0 = Release|Any CPU
		{412C66DB-F92D-4D9F-8510-26600064A40A}.Debug|Any CPU.ActiveCfg = Debug|Any CPU
		{412C66DB-F92D-4D9F-8510-26600064A40A}.Debug|Any CPU.Build.0 = Debug|Any CPU
		{412C66DB-F92D-4D9F-8510-26600064A40A}.Release|Any CPU.ActiveCfg = Release|Any CPU
		{412C66DB-F92D-4D9F-8510-26600064A40A}.Release|Any CPU.Build.0 = Release|Any CPU
		{2880F972-FE3D-489B-A141-37C1ACDBDDA7}.Debug|Any CPU.ActiveCfg = Debug|Any CPU
		{2880F972-FE3D-489B-A141-37C1ACDBDDA7}.Debug|Any CPU.Build.0 = Debug|Any CPU
		{2880F972-FE3D-489B-A141-37C1ACDBDDA7}.Release|Any CPU.ActiveCfg = Release|Any CPU
		{2880F972-FE3D-489B-A141-37C1ACDBDDA7}.Release|Any CPU.Build.0 = Release|Any CPU
		{6448CCAB-09F8-4BDC-9222-9FC614D9D283}.Debug|Any CPU.ActiveCfg = Debug|Any CPU
		{6448CCAB-09F8-4BDC-9222-9FC614D9D283}.Debug|Any CPU.Build.0 = Debug|Any CPU
		{6448CCAB-09F8-4BDC-9222-9FC614D9D283}.Release|Any CPU.ActiveCfg = Release|Any CPU
		{6448CCAB-09F8-4BDC-9222-9FC614D9D283}.Release|Any CPU.Build.0 = Release|Any CPU
		{33222D84-A67A-4C3B-80D9-5A01FE9E4DA3}.Debug|Any CPU.ActiveCfg = Debug|Any CPU
		{33222D84-A67A-4C3B-80D9-5A01FE9E4DA3}.Debug|Any CPU.Build.0 = Debug|Any CPU
		{33222D84-A67A-4C3B-80D9-5A01FE9E4DA3}.Release|Any CPU.ActiveCfg = Release|Any CPU
		{33222D84-A67A-4C3B-80D9-5A01FE9E4DA3}.Release|Any CPU.Build.0 = Release|Any CPU
	EndGlobalSection
	GlobalSection(SolutionProperties) = preSolution
		HideSolutionNode = FALSE
	EndGlobalSection
EndGlobal
