
Microsoft Visual Studio Solution File, Format Version 12.00
# Visual Studio 15
VisualStudioVersion = 15.0.26403.3
MinimumVisualStudioVersion = 10.0.40219.1
Project("{9A19103F-16F7-4668-BE54-9A1E7A4F7556}") = "CalculatorContract", "CalculatorContract\CalculatorContract.csproj", "{62F2252C-CBC1-4AB2-814C-BCA1D9653DE4}"
EndProject
Project("{9A19103F-16F7-4668-BE54-9A1E7A4F7556}") = "SimpleCalculator", "SimpleCalculator\SimpleCalculator.csproj", "{536168D9-8339-44F5-8F95-26182E24EAD2}"
EndProject
Project("{9A19103F-16F7-4668-BE54-9A1E7A4F7556}") = "AdvancedCalculator", "AdvancedCalculator\AdvancedCalculator.csproj", "{A8D2C80F-8226-42F4-8DD6-F987D89C33DF}"
EndProject
Project("{9A19103F-16F7-4668-BE54-9A1E7A4F7556}") = "SimpleHost", "SimpleHost\SimpleHost.csproj", "{6701CEA8-61F4-4410-BE03-E15F0751802A}"
EndProject
Global
	GlobalSection(SolutionConfigurationPlatforms) = preSolution
		Debug|Any CPU = Debug|Any CPU
		Release|Any CPU = Release|Any CPU
	EndGlobalSection
	GlobalSection(ProjectConfigurationPlatforms) = postSolution
		{62F2252C-CBC1-4AB2-814C-BCA1D9653DE4}.Debug|Any CPU.ActiveCfg = Debug|Any CPU
		{62F2252C-CBC1-4AB2-814C-BCA1D9653DE4}.Debug|Any CPU.Build.0 = Debug|Any CPU
		{62F2252C-CBC1-4AB2-814C-BCA1D9653DE4}.Release|Any CPU.ActiveCfg = Release|Any CPU
		{62F2252C-CBC1-4AB2-814C-BCA1D9653DE4}.Release|Any CPU.Build.0 = Release|Any CPU
		{536168D9-8339-44F5-8F95-26182E24EAD2}.Debug|Any CPU.ActiveCfg = Debug|Any CPU
		{536168D9-8339-44F5-8F95-26182E24EAD2}.Debug|Any CPU.Build.0 = Debug|Any CPU
		{536168D9-8339-44F5-8F95-26182E24EAD2}.Release|Any CPU.ActiveCfg = Release|Any CPU
		{536168D9-8339-44F5-8F95-26182E24EAD2}.Release|Any CPU.Build.0 = Release|Any CPU
		{A8D2C80F-8226-42F4-8DD6-F987D89C33DF}.Debug|Any CPU.ActiveCfg = Debug|Any CPU
		{A8D2C80F-8226-42F4-8DD6-F987D89C33DF}.Debug|Any CPU.Build.0 = Debug|Any CPU
		{A8D2C80F-8226-42F4-8DD6-F987D89C33DF}.Release|Any CPU.ActiveCfg = Release|Any CPU
		{A8D2C80F-8226-42F4-8DD6-F987D89C33DF}.Release|Any CPU.Build.0 = Release|Any CPU
		{6701CEA8-61F4-4410-BE03-E15F0751802A}.Debug|Any CPU.ActiveCfg = Debug|Any CPU
		{6701CEA8-61F4-4410-BE03-E15F0751802A}.Debug|Any CPU.Build.0 = Debug|Any CPU
		{6701CEA8-61F4-4410-BE03-E15F0751802A}.Release|Any CPU.ActiveCfg = Release|Any CPU
		{6701CEA8-61F4-4410-BE03-E15F0751802A}.Release|Any CPU.Build.0 = Release|Any CPU
	EndGlobalSection
	GlobalSection(SolutionProperties) = preSolution
		HideSolutionNode = FALSE
	EndGlobalSection
EndGlobal
