
Microsoft Visual Studio Solution File, Format Version 12.00
# Visual Studio 15
VisualStudioVersion = 15.0.26206.0
MinimumVisualStudioVersion = 10.0.40219.1
Project("{9A19103F-16F7-4668-BE54-9A1E7A4F7556}") = "ArraySegmentSample", "ArraySegmentSample\ArraySegmentSample.csproj", "{175AD318-CAE9-4360-ACDB-C50308CC7EBC}"
EndProject
Project("{9A19103F-16F7-4668-BE54-9A1E7A4F7556}") = "SimpleArrays", "SimpleArrays\SimpleArrays.csproj", "{DDD7F301-B368-431B-9421-A2340DBC9A87}"
EndProject
Project("{9A19103F-16F7-4668-BE54-9A1E7A4F7556}") = "SortingSample", "SortingSample\SortingSample.csproj", "{C6154CFC-483C-4BA6-9A7E-00926BB2B0E0}"
EndProject
Project("{9A19103F-16F7-4668-BE54-9A1E7A4F7556}") = "StructuralComparison", "StructuralComparison\StructuralComparison.csproj", "{91006021-9793-4FEB-94F3-C5BA58BD985D}"
EndProject
Project("{9A19103F-16F7-4668-BE54-9A1E7A4F7556}") = "TuplesSample", "TuplesSample\TuplesSample.csproj", "{8C33A240-4EB9-4715-A27C-5782AFB4D59D}"
EndProject
Project("{9A19103F-16F7-4668-BE54-9A1E7A4F7556}") = "YieldSample", "YieldSample\YieldSample.csproj", "{F0DDC811-FE25-4618-9860-BC77546C0391}"
EndProject
Global
	GlobalSection(SolutionConfigurationPlatforms) = preSolution
		Debug|Any CPU = Debug|Any CPU
		Release|Any CPU = Release|Any CPU
	EndGlobalSection
	GlobalSection(ProjectConfigurationPlatforms) = postSolution
		{175AD318-CAE9-4360-ACDB-C50308CC7EBC}.Debug|Any CPU.ActiveCfg = Debug|Any CPU
		{175AD318-CAE9-4360-ACDB-C50308CC7EBC}.Debug|Any CPU.Build.0 = Debug|Any CPU
		{175AD318-CAE9-4360-ACDB-C50308CC7EBC}.Release|Any CPU.ActiveCfg = Debug|Any CPU
		{175AD318-CAE9-4360-ACDB-C50308CC7EBC}.Release|Any CPU.Build.0 = Debug|Any CPU
		{DDD7F301-B368-431B-9421-A2340DBC9A87}.Debug|Any CPU.ActiveCfg = Debug|Any CPU
		{DDD7F301-B368-431B-9421-A2340DBC9A87}.Debug|Any CPU.Build.0 = Debug|Any CPU
		{DDD7F301-B368-431B-9421-A2340DBC9A87}.Release|Any CPU.ActiveCfg = Release|Any CPU
		{DDD7F301-B368-431B-9421-A2340DBC9A87}.Release|Any CPU.Build.0 = Release|Any CPU
		{C6154CFC-483C-4BA6-9A7E-00926BB2B0E0}.Debug|Any CPU.ActiveCfg = Debug|Any CPU
		{C6154CFC-483C-4BA6-9A7E-00926BB2B0E0}.Debug|Any CPU.Build.0 = Debug|Any CPU
		{C6154CFC-483C-4BA6-9A7E-00926BB2B0E0}.Release|Any CPU.ActiveCfg = Debug|Any CPU
		{C6154CFC-483C-4BA6-9A7E-00926BB2B0E0}.Release|Any CPU.Build.0 = Debug|Any CPU
		{91006021-9793-4FEB-94F3-C5BA58BD985D}.Debug|Any CPU.ActiveCfg = Debug|Any CPU
		{91006021-9793-4FEB-94F3-C5BA58BD985D}.Debug|Any CPU.Build.0 = Debug|Any CPU
		{91006021-9793-4FEB-94F3-C5BA58BD985D}.Release|Any CPU.ActiveCfg = Debug|Any CPU
		{91006021-9793-4FEB-94F3-C5BA58BD985D}.Release|Any CPU.Build.0 = Debug|Any CPU
		{8C33A240-4EB9-4715-A27C-5782AFB4D59D}.Debug|Any CPU.ActiveCfg = Debug|Any CPU
		{8C33A240-4EB9-4715-A27C-5782AFB4D59D}.Debug|Any CPU.Build.0 = Debug|Any CPU
		{8C33A240-4EB9-4715-A27C-5782AFB4D59D}.Release|Any CPU.ActiveCfg = Debug|Any CPU
		{8C33A240-4EB9-4715-A27C-5782AFB4D59D}.Release|Any CPU.Build.0 = Debug|Any CPU
		{F0DDC811-FE25-4618-9860-BC77546C0391}.Debug|Any CPU.ActiveCfg = Debug|Any CPU
		{F0DDC811-FE25-4618-9860-BC77546C0391}.Debug|Any CPU.Build.0 = Debug|Any CPU
		{F0DDC811-FE25-4618-9860-BC77546C0391}.Release|Any CPU.ActiveCfg = Debug|Any CPU
		{F0DDC811-FE25-4618-9860-BC77546C0391}.Release|Any CPU.Build.0 = Debug|Any CPU
	EndGlobalSection
	GlobalSection(SolutionProperties) = preSolution
		HideSolutionNode = FALSE
	EndGlobalSection
EndGlobal
