
Microsoft Visual Studio Solution File, Format Version 12.00
# Visual Studio 14
VisualStudioVersion = 14.0.25420.1
MinimumVisualStudioVersion = 10.0.40219.1
Project("{FAE04EC0-301F-11D3-BF4B-00C04F79EFBC}") = "XamlIntroWPF", "XamlIntroWPF\XamlIntroWPF.csproj", "{39224C6D-28BE-46BE-AA76-30232AA8035E}"
EndProject
Project("{FAE04EC0-301F-11D3-BF4B-00C04F79EFBC}") = "DataLib", "DataLib\DataLib.csproj", "{E8FBC143-F142-4F48-93A3-EF29454864B4}"
EndProject
Project("{FAE04EC0-301F-11D3-BF4B-00C04F79EFBC}") = "AttachedPropertyDemoWPF", "AttachedPropertyDemoWPF\AttachedPropertyDemoWPF.csproj", "{9030444E-365E-47B3-9DE4-763CBB814A56}"
EndProject
Project("{FAE04EC0-301F-11D3-BF4B-00C04F79EFBC}") = "DependencyObjectWPF", "DependencyObjectWPF\DependencyObjectWPF.csproj", "{966516D2-8EC1-48DA-BA9B-40ACCD7B70BE}"
EndProject
Project("{FAE04EC0-301F-11D3-BF4B-00C04F79EFBC}") = "RoutedEventsWPF", "RoutedEventsWPF\RoutedEventsWPF.csproj", "{8E8244B5-D4B3-4017-9223-081ACA05788D}"
EndProject
Project("{FAE04EC0-301F-11D3-BF4B-00C04F79EFBC}") = "MarkupExtensionsWPF", "MarkupExtensionsWPF\MarkupExtensionsWPF.csproj", "{A9F022D1-FB92-4F27-A019-D43962C92243}"
EndProject
Project("{FAE04EC0-301F-11D3-BF4B-00C04F79EFBC}") = "CodeIntroWPF", "CodeIntroWPF\CodeIntroWPF.csproj", "{DBE185D4-75F2-4475-B025-E29330FAB86A}"
EndProject
Project("{FAE04EC0-301F-11D3-BF4B-00C04F79EFBC}") = "XamlIntroUWP", "XamlIntroUWP\XamlIntroUWP.csproj", "{CEBF24FF-BDB0-473F-8C62-F9F75AC40579}"
EndProject
Project("{FAE04EC0-301F-11D3-BF4B-00C04F79EFBC}") = "DependencyObjectUWP", "DependencyObjectUWP\DependencyObjectUWP.csproj", "{557DDC92-8DF4-41B5-AC29-74E1F2DBD7C4}"
EndProject
Project("{FAE04EC0-301F-11D3-BF4B-00C04F79EFBC}") = "RoutedEventsUWP", "RoutedEventsUWP\RoutedEventsUWP.csproj", "{B50058DD-B8D3-4916-9368-CBB201A6BF17}"
EndProject
Project("{FAE04EC0-301F-11D3-BF4B-00C04F79EFBC}") = "MarkupExtensionsUWP", "MarkupExtensionsUWP\MarkupExtensionsUWP.csproj", "{0E052748-29EF-441C-8129-6F4D3C226FBD}"
EndProject
Project("{FAE04EC0-301F-11D3-BF4B-00C04F79EFBC}") = "AttachedPropertyDemoUWP", "AttachedPropertyDemoUWP\AttachedPropertyDemoUWP.csproj", "{324BF18B-A548-4223-868C-5AAF801E1EDD}"
EndProject
Global
	GlobalSection(SolutionConfigurationPlatforms) = preSolution
		Debug|Any CPU = Debug|Any CPU
		Debug|ARM = Debug|ARM
		Debug|x64 = Debug|x64
		Debug|x86 = Debug|x86
		Release|Any CPU = Release|Any CPU
		Release|ARM = Release|ARM
		Release|x64 = Release|x64
		Release|x86 = Release|x86
	EndGlobalSection
	GlobalSection(ProjectConfigurationPlatforms) = postSolution
		{39224C6D-28BE-46BE-AA76-30232AA8035E}.Debug|Any CPU.ActiveCfg = Debug|Any CPU
		{39224C6D-28BE-46BE-AA76-30232AA8035E}.Debug|Any CPU.Build.0 = Debug|Any CPU
		{39224C6D-28BE-46BE-AA76-30232AA8035E}.Debug|ARM.ActiveCfg = Debug|Any CPU
		{39224C6D-28BE-46BE-AA76-30232AA8035E}.Debug|ARM.Build.0 = Debug|Any CPU
		{39224C6D-28BE-46BE-AA76-30232AA8035E}.Debug|x64.ActiveCfg = Debug|Any CPU
		{39224C6D-28BE-46BE-AA76-30232AA8035E}.Debug|x64.Build.0 = Debug|Any CPU
		{39224C6D-28BE-46BE-AA76-30232AA8035E}.Debug|x86.ActiveCfg = Debug|Any CPU
		{39224C6D-28BE-46BE-AA76-30232AA8035E}.Debug|x86.Build.0 = Debug|Any CPU
		{39224C6D-28BE-46BE-AA76-30232AA8035E}.Release|Any CPU.ActiveCfg = Release|Any CPU
		{39224C6D-28BE-46BE-AA76-30232AA8035E}.Release|Any CPU.Build.0 = Release|Any CPU
		{39224C6D-28BE-46BE-AA76-30232AA8035E}.Release|ARM.ActiveCfg = Release|Any CPU
		{39224C6D-28BE-46BE-AA76-30232AA8035E}.Release|ARM.Build.0 = Release|Any CPU
		{39224C6D-28BE-46BE-AA76-30232AA8035E}.Release|x64.ActiveCfg = Release|Any CPU
		{39224C6D-28BE-46BE-AA76-30232AA8035E}.Release|x64.Build.0 = Release|Any CPU
		{39224C6D-28BE-46BE-AA76-30232AA8035E}.Release|x86.ActiveCfg = Release|Any CPU
		{39224C6D-28BE-46BE-AA76-30232AA8035E}.Release|x86.Build.0 = Release|Any CPU
		{E8FBC143-F142-4F48-93A3-EF29454864B4}.Debug|Any CPU.ActiveCfg = Debug|Any CPU
		{E8FBC143-F142-4F48-93A3-EF29454864B4}.Debug|Any CPU.Build.0 = Debug|Any CPU
		{E8FBC143-F142-4F48-93A3-EF29454864B4}.Debug|ARM.ActiveCfg = Debug|Any CPU
		{E8FBC143-F142-4F48-93A3-EF29454864B4}.Debug|ARM.Build.0 = Debug|Any CPU
		{E8FBC143-F142-4F48-93A3-EF29454864B4}.Debug|x64.ActiveCfg = Debug|Any CPU
		{E8FBC143-F142-4F48-93A3-EF29454864B4}.Debug|x64.Build.0 = Debug|Any CPU
		{E8FBC143-F142-4F48-93A3-EF29454864B4}.Debug|x86.ActiveCfg = Debug|Any CPU
		{E8FBC143-F142-4F48-93A3-EF29454864B4}.Debug|x86.Build.0 = Debug|Any CPU
		{E8FBC143-F142-4F48-93A3-EF29454864B4}.Release|Any CPU.ActiveCfg = Release|Any CPU
		{E8FBC143-F142-4F48-93A3-EF29454864B4}.Release|Any CPU.Build.0 = Release|Any CPU
		{E8FBC143-F142-4F48-93A3-EF29454864B4}.Release|ARM.ActiveCfg = Release|Any CPU
		{E8FBC143-F142-4F48-93A3-EF29454864B4}.Release|ARM.Build.0 = Release|Any CPU
		{E8FBC143-F142-4F48-93A3-EF29454864B4}.Release|x64.ActiveCfg = Release|Any CPU
		{E8FBC143-F142-4F48-93A3-EF29454864B4}.Release|x64.Build.0 = Release|Any CPU
		{E8FBC143-F142-4F48-93A3-EF29454864B4}.Release|x86.ActiveCfg = Release|Any CPU
		{E8FBC143-F142-4F48-93A3-EF29454864B4}.Release|x86.Build.0 = Release|Any CPU
		{9030444E-365E-47B3-9DE4-763CBB814A56}.Debug|Any CPU.ActiveCfg = Debug|Any CPU
		{9030444E-365E-47B3-9DE4-763CBB814A56}.Debug|Any CPU.Build.0 = Debug|Any CPU
		{9030444E-365E-47B3-9DE4-763CBB814A56}.Debug|ARM.ActiveCfg = Debug|Any CPU
		{9030444E-365E-47B3-9DE4-763CBB814A56}.Debug|ARM.Build.0 = Debug|Any CPU
		{9030444E-365E-47B3-9DE4-763CBB814A56}.Debug|x64.ActiveCfg = Debug|Any CPU
		{9030444E-365E-47B3-9DE4-763CBB814A56}.Debug|x64.Build.0 = Debug|Any CPU
		{9030444E-365E-47B3-9DE4-763CBB814A56}.Debug|x86.ActiveCfg = Debug|Any CPU
		{9030444E-365E-47B3-9DE4-763CBB814A56}.Debug|x86.Build.0 = Debug|Any CPU
		{9030444E-365E-47B3-9DE4-763CBB814A56}.Release|Any CPU.ActiveCfg = Release|Any CPU
		{9030444E-365E-47B3-9DE4-763CBB814A56}.Release|Any CPU.Build.0 = Release|Any CPU
		{9030444E-365E-47B3-9DE4-763CBB814A56}.Release|ARM.ActiveCfg = Release|Any CPU
		{9030444E-365E-47B3-9DE4-763CBB814A56}.Release|ARM.Build.0 = Release|Any CPU
		{9030444E-365E-47B3-9DE4-763CBB814A56}.Release|x64.ActiveCfg = Release|Any CPU
		{9030444E-365E-47B3-9DE4-763CBB814A56}.Release|x64.Build.0 = Release|Any CPU
		{9030444E-365E-47B3-9DE4-763CBB814A56}.Release|x86.ActiveCfg = Release|Any CPU
		{9030444E-365E-47B3-9DE4-763CBB814A56}.Release|x86.Build.0 = Release|Any CPU
		{966516D2-8EC1-48DA-BA9B-40ACCD7B70BE}.Debug|Any CPU.ActiveCfg = Debug|Any CPU
		{966516D2-8EC1-48DA-BA9B-40ACCD7B70BE}.Debug|Any CPU.Build.0 = Debug|Any CPU
		{966516D2-8EC1-48DA-BA9B-40ACCD7B70BE}.Debug|ARM.ActiveCfg = Debug|Any CPU
		{966516D2-8EC1-48DA-BA9B-40ACCD7B70BE}.Debug|ARM.Build.0 = Debug|Any CPU
		{966516D2-8EC1-48DA-BA9B-40ACCD7B70BE}.Debug|x64.ActiveCfg = Debug|Any CPU
		{966516D2-8EC1-48DA-BA9B-40ACCD7B70BE}.Debug|x64.Build.0 = Debug|Any CPU
		{966516D2-8EC1-48DA-BA9B-40ACCD7B70BE}.Debug|x86.ActiveCfg = Debug|Any CPU
		{966516D2-8EC1-48DA-BA9B-40ACCD7B70BE}.Debug|x86.Build.0 = Debug|Any CPU
		{966516D2-8EC1-48DA-BA9B-40ACCD7B70BE}.Release|Any CPU.ActiveCfg = Release|Any CPU
		{966516D2-8EC1-48DA-BA9B-40ACCD7B70BE}.Release|Any CPU.Build.0 = Release|Any CPU
		{966516D2-8EC1-48DA-BA9B-40ACCD7B70BE}.Release|ARM.ActiveCfg = Release|Any CPU
		{966516D2-8EC1-48DA-BA9B-40ACCD7B70BE}.Release|ARM.Build.0 = Release|Any CPU
		{966516D2-8EC1-48DA-BA9B-40ACCD7B70BE}.Release|x64.ActiveCfg = Release|Any CPU
		{966516D2-8EC1-48DA-BA9B-40ACCD7B70BE}.Release|x64.Build.0 = Release|Any CPU
		{966516D2-8EC1-48DA-BA9B-40ACCD7B70BE}.Release|x86.ActiveCfg = Release|Any CPU
		{966516D2-8EC1-48DA-BA9B-40ACCD7B70BE}.Release|x86.Build.0 = Release|Any CPU
		{8E8244B5-D4B3-4017-9223-081ACA05788D}.Debug|Any CPU.ActiveCfg = Debug|Any CPU
		{8E8244B5-D4B3-4017-9223-081ACA05788D}.Debug|Any CPU.Build.0 = Debug|Any CPU
		{8E8244B5-D4B3-4017-9223-081ACA05788D}.Debug|ARM.ActiveCfg = Debug|Any CPU
		{8E8244B5-D4B3-4017-9223-081ACA05788D}.Debug|ARM.Build.0 = Debug|Any CPU
		{8E8244B5-D4B3-4017-9223-081ACA05788D}.Debug|x64.ActiveCfg = Debug|Any CPU
		{8E8244B5-D4B3-4017-9223-081ACA05788D}.Debug|x64.Build.0 = Debug|Any CPU
		{8E8244B5-D4B3-4017-9223-081ACA05788D}.Debug|x86.ActiveCfg = Debug|Any CPU
		{8E8244B5-D4B3-4017-9223-081ACA05788D}.Debug|x86.Build.0 = Debug|Any CPU
		{8E8244B5-D4B3-4017-9223-081ACA05788D}.Release|Any CPU.ActiveCfg = Release|Any CPU
		{8E8244B5-D4B3-4017-9223-081ACA05788D}.Release|Any CPU.Build.0 = Release|Any CPU
		{8E8244B5-D4B3-4017-9223-081ACA05788D}.Release|ARM.ActiveCfg = Release|Any CPU
		{8E8244B5-D4B3-4017-9223-081ACA05788D}.Release|ARM.Build.0 = Release|Any CPU
		{8E8244B5-D4B3-4017-9223-081ACA05788D}.Release|x64.ActiveCfg = Release|Any CPU
		{8E8244B5-D4B3-4017-9223-081ACA05788D}.Release|x64.Build.0 = Release|Any CPU
		{8E8244B5-D4B3-4017-9223-081ACA05788D}.Release|x86.ActiveCfg = Release|Any CPU
		{8E8244B5-D4B3-4017-9223-081ACA05788D}.Release|x86.Build.0 = Release|Any CPU
		{A9F022D1-FB92-4F27-A019-D43962C92243}.Debug|Any CPU.ActiveCfg = Debug|Any CPU
		{A9F022D1-FB92-4F27-A019-D43962C92243}.Debug|Any CPU.Build.0 = Debug|Any CPU
		{A9F022D1-FB92-4F27-A019-D43962C92243}.Debug|ARM.ActiveCfg = Debug|Any CPU
		{A9F022D1-FB92-4F27-A019-D43962C92243}.Debug|ARM.Build.0 = Debug|Any CPU
		{A9F022D1-FB92-4F27-A019-D43962C92243}.Debug|x64.ActiveCfg = Debug|Any CPU
		{A9F022D1-FB92-4F27-A019-D43962C92243}.Debug|x64.Build.0 = Debug|Any CPU
		{A9F022D1-FB92-4F27-A019-D43962C92243}.Debug|x86.ActiveCfg = Debug|Any CPU
		{A9F022D1-FB92-4F27-A019-D43962C92243}.Debug|x86.Build.0 = Debug|Any CPU
		{A9F022D1-FB92-4F27-A019-D43962C92243}.Release|Any CPU.ActiveCfg = Release|Any CPU
		{A9F022D1-FB92-4F27-A019-D43962C92243}.Release|Any CPU.Build.0 = Release|Any CPU
		{A9F022D1-FB92-4F27-A019-D43962C92243}.Release|ARM.ActiveCfg = Release|Any CPU
		{A9F022D1-FB92-4F27-A019-D43962C92243}.Release|ARM.Build.0 = Release|Any CPU
		{A9F022D1-FB92-4F27-A019-D43962C92243}.Release|x64.ActiveCfg = Release|Any CPU
		{A9F022D1-FB92-4F27-A019-D43962C92243}.Release|x64.Build.0 = Release|Any CPU
		{A9F022D1-FB92-4F27-A019-D43962C92243}.Release|x86.ActiveCfg = Release|Any CPU
		{A9F022D1-FB92-4F27-A019-D43962C92243}.Release|x86.Build.0 = Release|Any CPU
		{DBE185D4-75F2-4475-B025-E29330FAB86A}.Debug|Any CPU.ActiveCfg = Debug|Any CPU
		{DBE185D4-75F2-4475-B025-E29330FAB86A}.Debug|Any CPU.Build.0 = Debug|Any CPU
		{DBE185D4-75F2-4475-B025-E29330FAB86A}.Debug|ARM.ActiveCfg = Debug|Any CPU
		{DBE185D4-75F2-4475-B025-E29330FAB86A}.Debug|ARM.Build.0 = Debug|Any CPU
		{DBE185D4-75F2-4475-B025-E29330FAB86A}.Debug|x64.ActiveCfg = Debug|Any CPU
		{DBE185D4-75F2-4475-B025-E29330FAB86A}.Debug|x64.Build.0 = Debug|Any CPU
		{DBE185D4-75F2-4475-B025-E29330FAB86A}.Debug|x86.ActiveCfg = Debug|Any CPU
		{DBE185D4-75F2-4475-B025-E29330FAB86A}.Debug|x86.Build.0 = Debug|Any CPU
		{DBE185D4-75F2-4475-B025-E29330FAB86A}.Release|Any CPU.ActiveCfg = Release|Any CPU
		{DBE185D4-75F2-4475-B025-E29330FAB86A}.Release|Any CPU.Build.0 = Release|Any CPU
		{DBE185D4-75F2-4475-B025-E29330FAB86A}.Release|ARM.ActiveCfg = Release|Any CPU
		{DBE185D4-75F2-4475-B025-E29330FAB86A}.Release|ARM.Build.0 = Release|Any CPU
		{DBE185D4-75F2-4475-B025-E29330FAB86A}.Release|x64.ActiveCfg = Release|Any CPU
		{DBE185D4-75F2-4475-B025-E29330FAB86A}.Release|x64.Build.0 = Release|Any CPU
		{DBE185D4-75F2-4475-B025-E29330FAB86A}.Release|x86.ActiveCfg = Release|Any CPU
		{DBE185D4-75F2-4475-B025-E29330FAB86A}.Release|x86.Build.0 = Release|Any CPU
		{CEBF24FF-BDB0-473F-8C62-F9F75AC40579}.Debug|Any CPU.ActiveCfg = Debug|x86
		{CEBF24FF-BDB0-473F-8C62-F9F75AC40579}.Debug|Any CPU.Build.0 = Debug|x86
		{CEBF24FF-BDB0-473F-8C62-F9F75AC40579}.Debug|Any CPU.Deploy.0 = Debug|x86
		{CEBF24FF-BDB0-473F-8C62-F9F75AC40579}.Debug|ARM.ActiveCfg = Debug|ARM
		{CEBF24FF-BDB0-473F-8C62-F9F75AC40579}.Debug|ARM.Build.0 = Debug|ARM
		{CEBF24FF-BDB0-473F-8C62-F9F75AC40579}.Debug|ARM.Deploy.0 = Debug|ARM
		{CEBF24FF-BDB0-473F-8C62-F9F75AC40579}.Debug|x64.ActiveCfg = Debug|x64
		{CEBF24FF-BDB0-473F-8C62-F9F75AC40579}.Debug|x64.Build.0 = Debug|x64
		{CEBF24FF-BDB0-473F-8C62-F9F75AC40579}.Debug|x64.Deploy.0 = Debug|x64
		{CEBF24FF-BDB0-473F-8C62-F9F75AC40579}.Debug|x86.ActiveCfg = Debug|x86
		{CEBF24FF-BDB0-473F-8C62-F9F75AC40579}.Debug|x86.Build.0 = Debug|x86
		{CEBF24FF-BDB0-473F-8C62-F9F75AC40579}.Debug|x86.Deploy.0 = Debug|x86
		{CEBF24FF-BDB0-473F-8C62-F9F75AC40579}.Release|Any CPU.ActiveCfg = Release|x86
		{CEBF24FF-BDB0-473F-8C62-F9F75AC40579}.Release|ARM.ActiveCfg = Release|ARM
		{CEBF24FF-BDB0-473F-8C62-F9F75AC40579}.Release|ARM.Build.0 = Release|ARM
		{CEBF24FF-BDB0-473F-8C62-F9F75AC40579}.Release|ARM.Deploy.0 = Release|ARM
		{CEBF24FF-BDB0-473F-8C62-F9F75AC40579}.Release|x64.ActiveCfg = Release|x64
		{CEBF24FF-BDB0-473F-8C62-F9F75AC40579}.Release|x64.Build.0 = Release|x64
		{CEBF24FF-BDB0-473F-8C62-F9F75AC40579}.Release|x64.Deploy.0 = Release|x64
		{CEBF24FF-BDB0-473F-8C62-F9F75AC40579}.Release|x86.ActiveCfg = Release|x86
		{CEBF24FF-BDB0-473F-8C62-F9F75AC40579}.Release|x86.Build.0 = Release|x86
		{CEBF24FF-BDB0-473F-8C62-F9F75AC40579}.Release|x86.Deploy.0 = Release|x86
		{557DDC92-8DF4-41B5-AC29-74E1F2DBD7C4}.Debug|Any CPU.ActiveCfg = Debug|x86
		{557DDC92-8DF4-41B5-AC29-74E1F2DBD7C4}.Debug|Any CPU.Build.0 = Debug|x86
		{557DDC92-8DF4-41B5-AC29-74E1F2DBD7C4}.Debug|Any CPU.Deploy.0 = Debug|x86
		{557DDC92-8DF4-41B5-AC29-74E1F2DBD7C4}.Debug|ARM.ActiveCfg = Debug|ARM
		{557DDC92-8DF4-41B5-AC29-74E1F2DBD7C4}.Debug|ARM.Build.0 = Debug|ARM
		{557DDC92-8DF4-41B5-AC29-74E1F2DBD7C4}.Debug|ARM.Deploy.0 = Debug|ARM
		{557DDC92-8DF4-41B5-AC29-74E1F2DBD7C4}.Debug|x64.ActiveCfg = Debug|x64
		{557DDC92-8DF4-41B5-AC29-74E1F2DBD7C4}.Debug|x64.Build.0 = Debug|x64
		{557DDC92-8DF4-41B5-AC29-74E1F2DBD7C4}.Debug|x64.Deploy.0 = Debug|x64
		{557DDC92-8DF4-41B5-AC29-74E1F2DBD7C4}.Debug|x86.ActiveCfg = Debug|x86
		{557DDC92-8DF4-41B5-AC29-74E1F2DBD7C4}.Debug|x86.Build.0 = Debug|x86
		{557DDC92-8DF4-41B5-AC29-74E1F2DBD7C4}.Debug|x86.Deploy.0 = Debug|x86
		{557DDC92-8DF4-41B5-AC29-74E1F2DBD7C4}.Release|Any CPU.ActiveCfg = Release|x86
		{557DDC92-8DF4-41B5-AC29-74E1F2DBD7C4}.Release|ARM.ActiveCfg = Release|ARM
		{557DDC92-8DF4-41B5-AC29-74E1F2DBD7C4}.Release|ARM.Build.0 = Release|ARM
		{557DDC92-8DF4-41B5-AC29-74E1F2DBD7C4}.Release|ARM.Deploy.0 = Release|ARM
		{557DDC92-8DF4-41B5-AC29-74E1F2DBD7C4}.Release|x64.ActiveCfg = Release|x64
		{557DDC92-8DF4-41B5-AC29-74E1F2DBD7C4}.Release|x64.Build.0 = Release|x64
		{557DDC92-8DF4-41B5-AC29-74E1F2DBD7C4}.Release|x64.Deploy.0 = Release|x64
		{557DDC92-8DF4-41B5-AC29-74E1F2DBD7C4}.Release|x86.ActiveCfg = Release|x86
		{557DDC92-8DF4-41B5-AC29-74E1F2DBD7C4}.Release|x86.Build.0 = Release|x86
		{557DDC92-8DF4-41B5-AC29-74E1F2DBD7C4}.Release|x86.Deploy.0 = Release|x86
		{B50058DD-B8D3-4916-9368-CBB201A6BF17}.Debug|Any CPU.ActiveCfg = Debug|x86
		{B50058DD-B8D3-4916-9368-CBB201A6BF17}.Debug|Any CPU.Build.0 = Debug|x86
		{B50058DD-B8D3-4916-9368-CBB201A6BF17}.Debug|Any CPU.Deploy.0 = Debug|x86
		{B50058DD-B8D3-4916-9368-CBB201A6BF17}.Debug|ARM.ActiveCfg = Debug|ARM
		{B50058DD-B8D3-4916-9368-CBB201A6BF17}.Debug|ARM.Build.0 = Debug|ARM
		{B50058DD-B8D3-4916-9368-CBB201A6BF17}.Debug|ARM.Deploy.0 = Debug|ARM
		{B50058DD-B8D3-4916-9368-CBB201A6BF17}.Debug|x64.ActiveCfg = Debug|x64
		{B50058DD-B8D3-4916-9368-CBB201A6BF17}.Debug|x64.Build.0 = Debug|x64
		{B50058DD-B8D3-4916-9368-CBB201A6BF17}.Debug|x64.Deploy.0 = Debug|x64
		{B50058DD-B8D3-4916-9368-CBB201A6BF17}.Debug|x86.ActiveCfg = Debug|x86
		{B50058DD-B8D3-4916-9368-CBB201A6BF17}.Debug|x86.Build.0 = Debug|x86
		{B50058DD-B8D3-4916-9368-CBB201A6BF17}.Debug|x86.Deploy.0 = Debug|x86
		{B50058DD-B8D3-4916-9368-CBB201A6BF17}.Release|Any CPU.ActiveCfg = Release|x86
		{B50058DD-B8D3-4916-9368-CBB201A6BF17}.Release|ARM.ActiveCfg = Release|ARM
		{B50058DD-B8D3-4916-9368-CBB201A6BF17}.Release|ARM.Build.0 = Release|ARM
		{B50058DD-B8D3-4916-9368-CBB201A6BF17}.Release|ARM.Deploy.0 = Release|ARM
		{B50058DD-B8D3-4916-9368-CBB201A6BF17}.Release|x64.ActiveCfg = Release|x64
		{B50058DD-B8D3-4916-9368-CBB201A6BF17}.Release|x64.Build.0 = Release|x64
		{B50058DD-B8D3-4916-9368-CBB201A6BF17}.Release|x64.Deploy.0 = Release|x64
		{B50058DD-B8D3-4916-9368-CBB201A6BF17}.Release|x86.ActiveCfg = Release|x86
		{B50058DD-B8D3-4916-9368-CBB201A6BF17}.Release|x86.Build.0 = Release|x86
		{B50058DD-B8D3-4916-9368-CBB201A6BF17}.Release|x86.Deploy.0 = Release|x86
		{0E052748-29EF-441C-8129-6F4D3C226FBD}.Debug|Any CPU.ActiveCfg = Debug|x86
		{0E052748-29EF-441C-8129-6F4D3C226FBD}.Debug|Any CPU.Build.0 = Debug|x86
		{0E052748-29EF-441C-8129-6F4D3C226FBD}.Debug|Any CPU.Deploy.0 = Debug|x86
		{0E052748-29EF-441C-8129-6F4D3C226FBD}.Debug|ARM.ActiveCfg = Debug|ARM
		{0E052748-29EF-441C-8129-6F4D3C226FBD}.Debug|ARM.Build.0 = Debug|ARM
		{0E052748-29EF-441C-8129-6F4D3C226FBD}.Debug|ARM.Deploy.0 = Debug|ARM
		{0E052748-29EF-441C-8129-6F4D3C226FBD}.Debug|x64.ActiveCfg = Debug|x64
		{0E052748-29EF-441C-8129-6F4D3C226FBD}.Debug|x64.Build.0 = Debug|x64
		{0E052748-29EF-441C-8129-6F4D3C226FBD}.Debug|x64.Deploy.0 = Debug|x64
		{0E052748-29EF-441C-8129-6F4D3C226FBD}.Debug|x86.ActiveCfg = Debug|x86
		{0E052748-29EF-441C-8129-6F4D3C226FBD}.Debug|x86.Build.0 = Debug|x86
		{0E052748-29EF-441C-8129-6F4D3C226FBD}.Debug|x86.Deploy.0 = Debug|x86
		{0E052748-29EF-441C-8129-6F4D3C226FBD}.Release|Any CPU.ActiveCfg = Release|x86
		{0E052748-29EF-441C-8129-6F4D3C226FBD}.Release|ARM.ActiveCfg = Release|ARM
		{0E052748-29EF-441C-8129-6F4D3C226FBD}.Release|ARM.Build.0 = Release|ARM
		{0E052748-29EF-441C-8129-6F4D3C226FBD}.Release|ARM.Deploy.0 = Release|ARM
		{0E052748-29EF-441C-8129-6F4D3C226FBD}.Release|x64.ActiveCfg = Release|x64
		{0E052748-29EF-441C-8129-6F4D3C226FBD}.Release|x64.Build.0 = Release|x64
		{0E052748-29EF-441C-8129-6F4D3C226FBD}.Release|x64.Deploy.0 = Release|x64
		{0E052748-29EF-441C-8129-6F4D3C226FBD}.Release|x86.ActiveCfg = Release|x86
		{0E052748-29EF-441C-8129-6F4D3C226FBD}.Release|x86.Build.0 = Release|x86
		{0E052748-29EF-441C-8129-6F4D3C226FBD}.Release|x86.Deploy.0 = Release|x86
		{324BF18B-A548-4223-868C-5AAF801E1EDD}.Debug|Any CPU.ActiveCfg = Debug|x86
		{324BF18B-A548-4223-868C-5AAF801E1EDD}.Debug|Any CPU.Build.0 = Debug|x86
		{324BF18B-A548-4223-868C-5AAF801E1EDD}.Debug|Any CPU.Deploy.0 = Debug|x86
		{324BF18B-A548-4223-868C-5AAF801E1EDD}.Debug|ARM.ActiveCfg = Debug|ARM
		{324BF18B-A548-4223-868C-5AAF801E1EDD}.Debug|ARM.Build.0 = Debug|ARM
		{324BF18B-A548-4223-868C-5AAF801E1EDD}.Debug|ARM.Deploy.0 = Debug|ARM
		{324BF18B-A548-4223-868C-5AAF801E1EDD}.Debug|x64.ActiveCfg = Debug|x64
		{324BF18B-A548-4223-868C-5AAF801E1EDD}.Debug|x64.Build.0 = Debug|x64
		{324BF18B-A548-4223-868C-5AAF801E1EDD}.Debug|x64.Deploy.0 = Debug|x64
		{324BF18B-A548-4223-868C-5AAF801E1EDD}.Debug|x86.ActiveCfg = Debug|x86
		{324BF18B-A548-4223-868C-5AAF801E1EDD}.Debug|x86.Build.0 = Debug|x86
		{324BF18B-A548-4223-868C-5AAF801E1EDD}.Debug|x86.Deploy.0 = Debug|x86
		{324BF18B-A548-4223-868C-5AAF801E1EDD}.Release|Any CPU.ActiveCfg = Release|x86
		{324BF18B-A548-4223-868C-5AAF801E1EDD}.Release|ARM.ActiveCfg = Release|ARM
		{324BF18B-A548-4223-868C-5AAF801E1EDD}.Release|ARM.Build.0 = Release|ARM
		{324BF18B-A548-4223-868C-5AAF801E1EDD}.Release|ARM.Deploy.0 = Release|ARM
		{324BF18B-A548-4223-868C-5AAF801E1EDD}.Release|x64.ActiveCfg = Release|x64
		{324BF18B-A548-4223-868C-5AAF801E1EDD}.Release|x64.Build.0 = Release|x64
		{324BF18B-A548-4223-868C-5AAF801E1EDD}.Release|x64.Deploy.0 = Release|x64
		{324BF18B-A548-4223-868C-5AAF801E1EDD}.Release|x86.ActiveCfg = Release|x86
		{324BF18B-A548-4223-868C-5AAF801E1EDD}.Release|x86.Build.0 = Release|x86
		{324BF18B-A548-4223-868C-5AAF801E1EDD}.Release|x86.Deploy.0 = Release|x86
	EndGlobalSection
	GlobalSection(SolutionProperties) = preSolution
		HideSolutionNode = FALSE
	EndGlobalSection
EndGlobal
