
Microsoft Visual Studio Solution File, Format Version 12.00
# Visual Studio 14
VisualStudioVersion = 14.0.24720.0
MinimumVisualStudioVersion = 10.0.40219.1
Project("{2150E333-8FDC-42A3-9474-1A3956D46DE8}") = "Common", "Common", "{27FF621F-F7B8-485A-85E8-F3DCAB9AD4AA}"
EndProject
Project("{FAE04EC0-301F-11D3-BF4B-00C04F79EFBC}") = "CalculatorContract", "CalculatorContract\CalculatorContract.csproj", "{E6E94E7E-4D50-4C18-87C6-E2F56FABF242}"
EndProject
Project("{FAE04EC0-301F-11D3-BF4B-00C04F79EFBC}") = "CalculatorUtils", "CalculatorUtils\CalculatorUtils.csproj", "{23C4DCCC-5B81-493A-BAE7-F2F9B9D7FFB8}"
EndProject
Project("{FAE04EC0-301F-11D3-BF4B-00C04F79EFBC}") = "SimpleCalculator", "SimpleCalculator\SimpleCalculator.csproj", "{0ACC95B4-40BD-49F6-A60E-87DF092483EB}"
EndProject
Project("{2150E333-8FDC-42A3-9474-1A3956D46DE8}") = "AddIns", "AddIns", "{FED04BE5-3D23-4B95-B57C-0C4EE90C94BF}"
EndProject
Project("{2150E333-8FDC-42A3-9474-1A3956D46DE8}") = "WPF", "WPF", "{7F32CAE7-D180-45D3-B63C-4B514D16BD91}"
EndProject
Project("{2150E333-8FDC-42A3-9474-1A3956D46DE8}") = "UWP", "UWP", "{30B83FBD-52E2-4C84-87D0-D9B698F94641}"
EndProject
Project("{FAE04EC0-301F-11D3-BF4B-00C04F79EFBC}") = "UWPCalculatorHost", "UWPCalculatorHost\UWPCalculatorHost.csproj", "{BB253059-364C-4147-A14F-DB1BDF6CAD5D}"
EndProject
Project("{2150E333-8FDC-42A3-9474-1A3956D46DE8}") = "UI", "UI", "{9D68D250-0E92-4F7E-96A6-4CC404D77B1B}"
EndProject
Project("{FAE04EC0-301F-11D3-BF4B-00C04F79EFBC}") = "CalculatorViewModels", "CalculatorViewModels\CalculatorViewModels.csproj", "{74CEE143-6E16-4427-B44D-7EC70EC7A965}"
EndProject
Project("{FAE04EC0-301F-11D3-BF4B-00C04F79EFBC}") = "AdvancedOperations", "AdvancedOperations\AdvancedOperations.csproj", "{2D3FC1F7-2B80-43E5-B850-6AEC372F5D3C}"
EndProject
Project("{FAE04EC0-301F-11D3-BF4B-00C04F79EFBC}") = "WPFCalculatorHost", "WPFCalculatorHost\WPFCalculatorHost.csproj", "{197BFE10-7F9B-418B-8B99-54B803C5194A}"
EndProject
Project("{FAE04EC0-301F-11D3-BF4B-00C04F79EFBC}") = "FuelEconomyWPF", "FuelEconomyWPF\FuelEconomyWPF.csproj", "{46087DD3-FF81-454E-8A1A-2F0382C3ED4A}"
EndProject
Project("{D954291E-2A0B-460D-934E-DC6B0785DB48}") = "FuelEconomyShared", "FuelEconomyShared\FuelEconomyShared.shproj", "{8CCABA65-BCB3-4A1B-AA46-57FCC897D06D}"
EndProject
Project("{FAE04EC0-301F-11D3-BF4B-00C04F79EFBC}") = "FuelEconomyUWP", "FuelEconomyUWP\FuelEconomyUWP.csproj", "{5FDAE34D-6E82-43FD-9E90-A42DBD15552E}"
EndProject
Project("{2150E333-8FDC-42A3-9474-1A3956D46DE8}") = "FuelEconomy", "FuelEconomy", "{C6DB7FDB-7085-459C-BA95-B2BF33CAD4E8}"
EndProject
Project("{2150E333-8FDC-42A3-9474-1A3956D46DE8}") = "TemperatureConversion", "TemperatureConversion", "{FACC97DE-EA62-48C6-BF73-299EF6BD23E5}"
EndProject
Project("{D954291E-2A0B-460D-934E-DC6B0785DB48}") = "TemperatureConversionShared", "TemperatureConversionShared\TemperatureConversionShared.shproj", "{A8E98001-9AC5-43AB-B200-9E3BD65CBF93}"
EndProject
Project("{FAE04EC0-301F-11D3-BF4B-00C04F79EFBC}") = "TemperatureConversionWPF", "TemperatureConversionWPF\TemperatureConversionWPF.csproj", "{4E36F71A-4FB0-4355-AAE9-2EA235ACCCC5}"
EndProject
Project("{FAE04EC0-301F-11D3-BF4B-00C04F79EFBC}") = "TemperatureConversionUWP", "TemperatureConversionUWP\TemperatureConversionUWP.csproj", "{7D4F7089-A8F9-4EB2-BCEE-ABCCFAE281E0}"
EndProject
Global
	GlobalSection(SharedMSBuildProjectFiles) = preSolution
		FuelEconomyShared\FuelEconomyShared.projitems*{5fdae34d-6e82-43fd-9e90-a42dbd15552e}*SharedItemsImports = 4
		FuelEconomyShared\FuelEconomyShared.projitems*{46087dd3-ff81-454e-8a1a-2f0382c3ed4a}*SharedItemsImports = 4
		TemperatureConversionShared\TemperatureConversionShared.projitems*{a8e98001-9ac5-43ab-b200-9e3bd65cbf93}*SharedItemsImports = 13
		TemperatureConversionShared\TemperatureConversionShared.projitems*{4e36f71a-4fb0-4355-aae9-2ea235acccc5}*SharedItemsImports = 4
		FuelEconomyShared\FuelEconomyShared.projitems*{8ccaba65-bcb3-4a1b-aa46-57fcc897d06d}*SharedItemsImports = 13
		TemperatureConversionShared\TemperatureConversionShared.projitems*{7d4f7089-a8f9-4eb2-bcee-abccfae281e0}*SharedItemsImports = 4
	EndGlobalSection
	GlobalSection(SolutionConfigurationPlatforms) = preSolution
		Debug|Any CPU = Debug|Any CPU
		Debug|ARM = Debug|ARM
		Debug|x64 = Debug|x64
		Debug|x86 = Debug|x86
		Release|Any CPU = Release|Any CPU
		Release|ARM = Release|ARM
		Release|x64 = Release|x64
		Release|x86 = Release|x86
	EndGlobalSection
	GlobalSection(ProjectConfigurationPlatforms) = postSolution
		{E6E94E7E-4D50-4C18-87C6-E2F56FABF242}.Debug|Any CPU.ActiveCfg = Debug|Any CPU
		{E6E94E7E-4D50-4C18-87C6-E2F56FABF242}.Debug|Any CPU.Build.0 = Debug|Any CPU
		{E6E94E7E-4D50-4C18-87C6-E2F56FABF242}.Debug|ARM.ActiveCfg = Debug|Any CPU
		{E6E94E7E-4D50-4C18-87C6-E2F56FABF242}.Debug|ARM.Build.0 = Debug|Any CPU
		{E6E94E7E-4D50-4C18-87C6-E2F56FABF242}.Debug|x64.ActiveCfg = Debug|Any CPU
		{E6E94E7E-4D50-4C18-87C6-E2F56FABF242}.Debug|x64.Build.0 = Debug|Any CPU
		{E6E94E7E-4D50-4C18-87C6-E2F56FABF242}.Debug|x86.ActiveCfg = Debug|Any CPU
		{E6E94E7E-4D50-4C18-87C6-E2F56FABF242}.Debug|x86.Build.0 = Debug|Any CPU
		{E6E94E7E-4D50-4C18-87C6-E2F56FABF242}.Release|Any CPU.ActiveCfg = Release|Any CPU
		{E6E94E7E-4D50-4C18-87C6-E2F56FABF242}.Release|Any CPU.Build.0 = Release|Any CPU
		{E6E94E7E-4D50-4C18-87C6-E2F56FABF242}.Release|ARM.ActiveCfg = Release|Any CPU
		{E6E94E7E-4D50-4C18-87C6-E2F56FABF242}.Release|ARM.Build.0 = Release|Any CPU
		{E6E94E7E-4D50-4C18-87C6-E2F56FABF242}.Release|x64.ActiveCfg = Release|Any CPU
		{E6E94E7E-4D50-4C18-87C6-E2F56FABF242}.Release|x64.Build.0 = Release|Any CPU
		{E6E94E7E-4D50-4C18-87C6-E2F56FABF242}.Release|x86.ActiveCfg = Release|Any CPU
		{E6E94E7E-4D50-4C18-87C6-E2F56FABF242}.Release|x86.Build.0 = Release|Any CPU
		{23C4DCCC-5B81-493A-BAE7-F2F9B9D7FFB8}.Debug|Any CPU.ActiveCfg = Debug|Any CPU
		{23C4DCCC-5B81-493A-BAE7-F2F9B9D7FFB8}.Debug|Any CPU.Build.0 = Debug|Any CPU
		{23C4DCCC-5B81-493A-BAE7-F2F9B9D7FFB8}.Debug|ARM.ActiveCfg = Debug|Any CPU
		{23C4DCCC-5B81-493A-BAE7-F2F9B9D7FFB8}.Debug|ARM.Build.0 = Debug|Any CPU
		{23C4DCCC-5B81-493A-BAE7-F2F9B9D7FFB8}.Debug|x64.ActiveCfg = Debug|Any CPU
		{23C4DCCC-5B81-493A-BAE7-F2F9B9D7FFB8}.Debug|x64.Build.0 = Debug|Any CPU
		{23C4DCCC-5B81-493A-BAE7-F2F9B9D7FFB8}.Debug|x86.ActiveCfg = Debug|Any CPU
		{23C4DCCC-5B81-493A-BAE7-F2F9B9D7FFB8}.Debug|x86.Build.0 = Debug|Any CPU
		{23C4DCCC-5B81-493A-BAE7-F2F9B9D7FFB8}.Release|Any CPU.ActiveCfg = Release|Any CPU
		{23C4DCCC-5B81-493A-BAE7-F2F9B9D7FFB8}.Release|Any CPU.Build.0 = Release|Any CPU
		{23C4DCCC-5B81-493A-BAE7-F2F9B9D7FFB8}.Release|ARM.ActiveCfg = Release|Any CPU
		{23C4DCCC-5B81-493A-BAE7-F2F9B9D7FFB8}.Release|ARM.Build.0 = Release|Any CPU
		{23C4DCCC-5B81-493A-BAE7-F2F9B9D7FFB8}.Release|x64.ActiveCfg = Release|Any CPU
		{23C4DCCC-5B81-493A-BAE7-F2F9B9D7FFB8}.Release|x64.Build.0 = Release|Any CPU
		{23C4DCCC-5B81-493A-BAE7-F2F9B9D7FFB8}.Release|x86.ActiveCfg = Release|Any CPU
		{23C4DCCC-5B81-493A-BAE7-F2F9B9D7FFB8}.Release|x86.Build.0 = Release|Any CPU
		{0ACC95B4-40BD-49F6-A60E-87DF092483EB}.Debug|Any CPU.ActiveCfg = Debug|Any CPU
		{0ACC95B4-40BD-49F6-A60E-87DF092483EB}.Debug|Any CPU.Build.0 = Debug|Any CPU
		{0ACC95B4-40BD-49F6-A60E-87DF092483EB}.Debug|ARM.ActiveCfg = Debug|Any CPU
		{0ACC95B4-40BD-49F6-A60E-87DF092483EB}.Debug|ARM.Build.0 = Debug|Any CPU
		{0ACC95B4-40BD-49F6-A60E-87DF092483EB}.Debug|x64.ActiveCfg = Debug|Any CPU
		{0ACC95B4-40BD-49F6-A60E-87DF092483EB}.Debug|x64.Build.0 = Debug|Any CPU
		{0ACC95B4-40BD-49F6-A60E-87DF092483EB}.Debug|x86.ActiveCfg = Debug|Any CPU
		{0ACC95B4-40BD-49F6-A60E-87DF092483EB}.Debug|x86.Build.0 = Debug|Any CPU
		{0ACC95B4-40BD-49F6-A60E-87DF092483EB}.Release|Any CPU.ActiveCfg = Release|Any CPU
		{0ACC95B4-40BD-49F6-A60E-87DF092483EB}.Release|Any CPU.Build.0 = Release|Any CPU
		{0ACC95B4-40BD-49F6-A60E-87DF092483EB}.Release|ARM.ActiveCfg = Release|Any CPU
		{0ACC95B4-40BD-49F6-A60E-87DF092483EB}.Release|ARM.Build.0 = Release|Any CPU
		{0ACC95B4-40BD-49F6-A60E-87DF092483EB}.Release|x64.ActiveCfg = Release|Any CPU
		{0ACC95B4-40BD-49F6-A60E-87DF092483EB}.Release|x64.Build.0 = Release|Any CPU
		{0ACC95B4-40BD-49F6-A60E-87DF092483EB}.Release|x86.ActiveCfg = Release|Any CPU
		{0ACC95B4-40BD-49F6-A60E-87DF092483EB}.Release|x86.Build.0 = Release|Any CPU
		{BB253059-364C-4147-A14F-DB1BDF6CAD5D}.Debug|Any CPU.ActiveCfg = Debug|x86
		{BB253059-364C-4147-A14F-DB1BDF6CAD5D}.Debug|ARM.ActiveCfg = Debug|ARM
		{BB253059-364C-4147-A14F-DB1BDF6CAD5D}.Debug|ARM.Build.0 = Debug|ARM
		{BB253059-364C-4147-A14F-DB1BDF6CAD5D}.Debug|ARM.Deploy.0 = Debug|ARM
		{BB253059-364C-4147-A14F-DB1BDF6CAD5D}.Debug|x64.ActiveCfg = Debug|x64
		{BB253059-364C-4147-A14F-DB1BDF6CAD5D}.Debug|x64.Build.0 = Debug|x64
		{BB253059-364C-4147-A14F-DB1BDF6CAD5D}.Debug|x64.Deploy.0 = Debug|x64
		{BB253059-364C-4147-A14F-DB1BDF6CAD5D}.Debug|x86.ActiveCfg = Debug|x86
		{BB253059-364C-4147-A14F-DB1BDF6CAD5D}.Debug|x86.Build.0 = Debug|x86
		{BB253059-364C-4147-A14F-DB1BDF6CAD5D}.Debug|x86.Deploy.0 = Debug|x86
		{BB253059-364C-4147-A14F-DB1BDF6CAD5D}.Release|Any CPU.ActiveCfg = Release|x86
		{BB253059-364C-4147-A14F-DB1BDF6CAD5D}.Release|ARM.ActiveCfg = Release|ARM
		{BB253059-364C-4147-A14F-DB1BDF6CAD5D}.Release|ARM.Build.0 = Release|ARM
		{BB253059-364C-4147-A14F-DB1BDF6CAD5D}.Release|ARM.Deploy.0 = Release|ARM
		{BB253059-364C-4147-A14F-DB1BDF6CAD5D}.Release|x64.ActiveCfg = Release|x64
		{BB253059-364C-4147-A14F-DB1BDF6CAD5D}.Release|x64.Build.0 = Release|x64
		{BB253059-364C-4147-A14F-DB1BDF6CAD5D}.Release|x64.Deploy.0 = Release|x64
		{BB253059-364C-4147-A14F-DB1BDF6CAD5D}.Release|x86.ActiveCfg = Release|x86
		{BB253059-364C-4147-A14F-DB1BDF6CAD5D}.Release|x86.Build.0 = Release|x86
		{BB253059-364C-4147-A14F-DB1BDF6CAD5D}.Release|x86.Deploy.0 = Release|x86
		{74CEE143-6E16-4427-B44D-7EC70EC7A965}.Debug|Any CPU.ActiveCfg = Debug|Any CPU
		{74CEE143-6E16-4427-B44D-7EC70EC7A965}.Debug|Any CPU.Build.0 = Debug|Any CPU
		{74CEE143-6E16-4427-B44D-7EC70EC7A965}.Debug|ARM.ActiveCfg = Debug|Any CPU
		{74CEE143-6E16-4427-B44D-7EC70EC7A965}.Debug|ARM.Build.0 = Debug|Any CPU
		{74CEE143-6E16-4427-B44D-7EC70EC7A965}.Debug|x64.ActiveCfg = Debug|Any CPU
		{74CEE143-6E16-4427-B44D-7EC70EC7A965}.Debug|x64.Build.0 = Debug|Any CPU
		{74CEE143-6E16-4427-B44D-7EC70EC7A965}.Debug|x86.ActiveCfg = Debug|Any CPU
		{74CEE143-6E16-4427-B44D-7EC70EC7A965}.Debug|x86.Build.0 = Debug|Any CPU
		{74CEE143-6E16-4427-B44D-7EC70EC7A965}.Release|Any CPU.ActiveCfg = Release|Any CPU
		{74CEE143-6E16-4427-B44D-7EC70EC7A965}.Release|Any CPU.Build.0 = Release|Any CPU
		{74CEE143-6E16-4427-B44D-7EC70EC7A965}.Release|ARM.ActiveCfg = Release|Any CPU
		{74CEE143-6E16-4427-B44D-7EC70EC7A965}.Release|ARM.Build.0 = Release|Any CPU
		{74CEE143-6E16-4427-B44D-7EC70EC7A965}.Release|x64.ActiveCfg = Release|Any CPU
		{74CEE143-6E16-4427-B44D-7EC70EC7A965}.Release|x64.Build.0 = Release|Any CPU
		{74CEE143-6E16-4427-B44D-7EC70EC7A965}.Release|x86.ActiveCfg = Release|Any CPU
		{74CEE143-6E16-4427-B44D-7EC70EC7A965}.Release|x86.Build.0 = Release|Any CPU
		{2D3FC1F7-2B80-43E5-B850-6AEC372F5D3C}.Debug|Any CPU.ActiveCfg = Debug|Any CPU
		{2D3FC1F7-2B80-43E5-B850-6AEC372F5D3C}.Debug|Any CPU.Build.0 = Debug|Any CPU
		{2D3FC1F7-2B80-43E5-B850-6AEC372F5D3C}.Debug|ARM.ActiveCfg = Debug|Any CPU
		{2D3FC1F7-2B80-43E5-B850-6AEC372F5D3C}.Debug|ARM.Build.0 = Debug|Any CPU
		{2D3FC1F7-2B80-43E5-B850-6AEC372F5D3C}.Debug|x64.ActiveCfg = Debug|Any CPU
		{2D3FC1F7-2B80-43E5-B850-6AEC372F5D3C}.Debug|x64.Build.0 = Debug|Any CPU
		{2D3FC1F7-2B80-43E5-B850-6AEC372F5D3C}.Debug|x86.ActiveCfg = Debug|Any CPU
		{2D3FC1F7-2B80-43E5-B850-6AEC372F5D3C}.Debug|x86.Build.0 = Debug|Any CPU
		{2D3FC1F7-2B80-43E5-B850-6AEC372F5D3C}.Release|Any CPU.ActiveCfg = Release|Any CPU
		{2D3FC1F7-2B80-43E5-B850-6AEC372F5D3C}.Release|Any CPU.Build.0 = Release|Any CPU
		{2D3FC1F7-2B80-43E5-B850-6AEC372F5D3C}.Release|ARM.ActiveCfg = Release|Any CPU
		{2D3FC1F7-2B80-43E5-B850-6AEC372F5D3C}.Release|ARM.Build.0 = Release|Any CPU
		{2D3FC1F7-2B80-43E5-B850-6AEC372F5D3C}.Release|x64.ActiveCfg = Release|Any CPU
		{2D3FC1F7-2B80-43E5-B850-6AEC372F5D3C}.Release|x64.Build.0 = Release|Any CPU
		{2D3FC1F7-2B80-43E5-B850-6AEC372F5D3C}.Release|x86.ActiveCfg = Release|Any CPU
		{2D3FC1F7-2B80-43E5-B850-6AEC372F5D3C}.Release|x86.Build.0 = Release|Any CPU
		{197BFE10-7F9B-418B-8B99-54B803C5194A}.Debug|Any CPU.ActiveCfg = Debug|Any CPU
		{197BFE10-7F9B-418B-8B99-54B803C5194A}.Debug|Any CPU.Build.0 = Debug|Any CPU
		{197BFE10-7F9B-418B-8B99-54B803C5194A}.Debug|ARM.ActiveCfg = Debug|Any CPU
		{197BFE10-7F9B-418B-8B99-54B803C5194A}.Debug|ARM.Build.0 = Debug|Any CPU
		{197BFE10-7F9B-418B-8B99-54B803C5194A}.Debug|x64.ActiveCfg = Debug|Any CPU
		{197BFE10-7F9B-418B-8B99-54B803C5194A}.Debug|x64.Build.0 = Debug|Any CPU
		{197BFE10-7F9B-418B-8B99-54B803C5194A}.Debug|x86.ActiveCfg = Debug|Any CPU
		{197BFE10-7F9B-418B-8B99-54B803C5194A}.Debug|x86.Build.0 = Debug|Any CPU
		{197BFE10-7F9B-418B-8B99-54B803C5194A}.Release|Any CPU.ActiveCfg = Release|Any CPU
		{197BFE10-7F9B-418B-8B99-54B803C5194A}.Release|Any CPU.Build.0 = Release|Any CPU
		{197BFE10-7F9B-418B-8B99-54B803C5194A}.Release|ARM.ActiveCfg = Release|Any CPU
		{197BFE10-7F9B-418B-8B99-54B803C5194A}.Release|ARM.Build.0 = Release|Any CPU
		{197BFE10-7F9B-418B-8B99-54B803C5194A}.Release|x64.ActiveCfg = Release|Any CPU
		{197BFE10-7F9B-418B-8B99-54B803C5194A}.Release|x64.Build.0 = Release|Any CPU
		{197BFE10-7F9B-418B-8B99-54B803C5194A}.Release|x86.ActiveCfg = Release|Any CPU
		{197BFE10-7F9B-418B-8B99-54B803C5194A}.Release|x86.Build.0 = Release|Any CPU
		{46087DD3-FF81-454E-8A1A-2F0382C3ED4A}.Debug|Any CPU.ActiveCfg = Debug|Any CPU
		{46087DD3-FF81-454E-8A1A-2F0382C3ED4A}.Debug|Any CPU.Build.0 = Debug|Any CPU
		{46087DD3-FF81-454E-8A1A-2F0382C3ED4A}.Debug|ARM.ActiveCfg = Debug|Any CPU
		{46087DD3-FF81-454E-8A1A-2F0382C3ED4A}.Debug|ARM.Build.0 = Debug|Any CPU
		{46087DD3-FF81-454E-8A1A-2F0382C3ED4A}.Debug|x64.ActiveCfg = Debug|Any CPU
		{46087DD3-FF81-454E-8A1A-2F0382C3ED4A}.Debug|x64.Build.0 = Debug|Any CPU
		{46087DD3-FF81-454E-8A1A-2F0382C3ED4A}.Debug|x86.ActiveCfg = Debug|Any CPU
		{46087DD3-FF81-454E-8A1A-2F0382C3ED4A}.Debug|x86.Build.0 = Debug|Any CPU
		{46087DD3-FF81-454E-8A1A-2F0382C3ED4A}.Release|Any CPU.ActiveCfg = Release|Any CPU
		{46087DD3-FF81-454E-8A1A-2F0382C3ED4A}.Release|Any CPU.Build.0 = Release|Any CPU
		{46087DD3-FF81-454E-8A1A-2F0382C3ED4A}.Release|ARM.ActiveCfg = Release|Any CPU
		{46087DD3-FF81-454E-8A1A-2F0382C3ED4A}.Release|ARM.Build.0 = Release|Any CPU
		{46087DD3-FF81-454E-8A1A-2F0382C3ED4A}.Release|x64.ActiveCfg = Release|Any CPU
		{46087DD3-FF81-454E-8A1A-2F0382C3ED4A}.Release|x64.Build.0 = Release|Any CPU
		{46087DD3-FF81-454E-8A1A-2F0382C3ED4A}.Release|x86.ActiveCfg = Release|Any CPU
		{46087DD3-FF81-454E-8A1A-2F0382C3ED4A}.Release|x86.Build.0 = Release|Any CPU
		{5FDAE34D-6E82-43FD-9E90-A42DBD15552E}.Debug|Any CPU.ActiveCfg = Debug|Any CPU
		{5FDAE34D-6E82-43FD-9E90-A42DBD15552E}.Debug|Any CPU.Build.0 = Debug|Any CPU
		{5FDAE34D-6E82-43FD-9E90-A42DBD15552E}.Debug|ARM.ActiveCfg = Debug|ARM
		{5FDAE34D-6E82-43FD-9E90-A42DBD15552E}.Debug|ARM.Build.0 = Debug|ARM
		{5FDAE34D-6E82-43FD-9E90-A42DBD15552E}.Debug|x64.ActiveCfg = Debug|x64
		{5FDAE34D-6E82-43FD-9E90-A42DBD15552E}.Debug|x64.Build.0 = Debug|x64
		{5FDAE34D-6E82-43FD-9E90-A42DBD15552E}.Debug|x86.ActiveCfg = Debug|x86
		{5FDAE34D-6E82-43FD-9E90-A42DBD15552E}.Debug|x86.Build.0 = Debug|x86
		{5FDAE34D-6E82-43FD-9E90-A42DBD15552E}.Release|Any CPU.ActiveCfg = Release|Any CPU
		{5FDAE34D-6E82-43FD-9E90-A42DBD15552E}.Release|Any CPU.Build.0 = Release|Any CPU
		{5FDAE34D-6E82-43FD-9E90-A42DBD15552E}.Release|ARM.ActiveCfg = Release|ARM
		{5FDAE34D-6E82-43FD-9E90-A42DBD15552E}.Release|ARM.Build.0 = Release|ARM
		{5FDAE34D-6E82-43FD-9E90-A42DBD15552E}.Release|x64.ActiveCfg = Release|x64
		{5FDAE34D-6E82-43FD-9E90-A42DBD15552E}.Release|x64.Build.0 = Release|x64
		{5FDAE34D-6E82-43FD-9E90-A42DBD15552E}.Release|x86.ActiveCfg = Release|x86
		{5FDAE34D-6E82-43FD-9E90-A42DBD15552E}.Release|x86.Build.0 = Release|x86
		{4E36F71A-4FB0-4355-AAE9-2EA235ACCCC5}.Debug|Any CPU.ActiveCfg = Debug|Any CPU
		{4E36F71A-4FB0-4355-AAE9-2EA235ACCCC5}.Debug|Any CPU.Build.0 = Debug|Any CPU
		{4E36F71A-4FB0-4355-AAE9-2EA235ACCCC5}.Debug|ARM.ActiveCfg = Debug|Any CPU
		{4E36F71A-4FB0-4355-AAE9-2EA235ACCCC5}.Debug|ARM.Build.0 = Debug|Any CPU
		{4E36F71A-4FB0-4355-AAE9-2EA235ACCCC5}.Debug|x64.ActiveCfg = Debug|Any CPU
		{4E36F71A-4FB0-4355-AAE9-2EA235ACCCC5}.Debug|x64.Build.0 = Debug|Any CPU
		{4E36F71A-4FB0-4355-AAE9-2EA235ACCCC5}.Debug|x86.ActiveCfg = Debug|Any CPU
		{4E36F71A-4FB0-4355-AAE9-2EA235ACCCC5}.Debug|x86.Build.0 = Debug|Any CPU
		{4E36F71A-4FB0-4355-AAE9-2EA235ACCCC5}.Release|Any CPU.ActiveCfg = Release|Any CPU
		{4E36F71A-4FB0-4355-AAE9-2EA235ACCCC5}.Release|Any CPU.Build.0 = Release|Any CPU
		{4E36F71A-4FB0-4355-AAE9-2EA235ACCCC5}.Release|ARM.ActiveCfg = Release|Any CPU
		{4E36F71A-4FB0-4355-AAE9-2EA235ACCCC5}.Release|ARM.Build.0 = Release|Any CPU
		{4E36F71A-4FB0-4355-AAE9-2EA235ACCCC5}.Release|x64.ActiveCfg = Release|Any CPU
		{4E36F71A-4FB0-4355-AAE9-2EA235ACCCC5}.Release|x64.Build.0 = Release|Any CPU
		{4E36F71A-4FB0-4355-AAE9-2EA235ACCCC5}.Release|x86.ActiveCfg = Release|Any CPU
		{4E36F71A-4FB0-4355-AAE9-2EA235ACCCC5}.Release|x86.Build.0 = Release|Any CPU
		{7D4F7089-A8F9-4EB2-BCEE-ABCCFAE281E0}.Debug|Any CPU.ActiveCfg = Debug|Any CPU
		{7D4F7089-A8F9-4EB2-BCEE-ABCCFAE281E0}.Debug|Any CPU.Build.0 = Debug|Any CPU
		{7D4F7089-A8F9-4EB2-BCEE-ABCCFAE281E0}.Debug|ARM.ActiveCfg = Debug|ARM
		{7D4F7089-A8F9-4EB2-BCEE-ABCCFAE281E0}.Debug|ARM.Build.0 = Debug|ARM
		{7D4F7089-A8F9-4EB2-BCEE-ABCCFAE281E0}.Debug|x64.ActiveCfg = Debug|x64
		{7D4F7089-A8F9-4EB2-BCEE-ABCCFAE281E0}.Debug|x64.Build.0 = Debug|x64
		{7D4F7089-A8F9-4EB2-BCEE-ABCCFAE281E0}.Debug|x86.ActiveCfg = Debug|x86
		{7D4F7089-A8F9-4EB2-BCEE-ABCCFAE281E0}.Debug|x86.Build.0 = Debug|x86
		{7D4F7089-A8F9-4EB2-BCEE-ABCCFAE281E0}.Release|Any CPU.ActiveCfg = Release|Any CPU
		{7D4F7089-A8F9-4EB2-BCEE-ABCCFAE281E0}.Release|Any CPU.Build.0 = Release|Any CPU
		{7D4F7089-A8F9-4EB2-BCEE-ABCCFAE281E0}.Release|ARM.ActiveCfg = Release|ARM
		{7D4F7089-A8F9-4EB2-BCEE-ABCCFAE281E0}.Release|ARM.Build.0 = Release|ARM
		{7D4F7089-A8F9-4EB2-BCEE-ABCCFAE281E0}.Release|x64.ActiveCfg = Release|x64
		{7D4F7089-A8F9-4EB2-BCEE-ABCCFAE281E0}.Release|x64.Build.0 = Release|x64
		{7D4F7089-A8F9-4EB2-BCEE-ABCCFAE281E0}.Release|x86.ActiveCfg = Release|x86
		{7D4F7089-A8F9-4EB2-BCEE-ABCCFAE281E0}.Release|x86.Build.0 = Release|x86
	EndGlobalSection
	GlobalSection(SolutionProperties) = preSolution
		HideSolutionNode = FALSE
	EndGlobalSection
	GlobalSection(NestedProjects) = preSolution
		{E6E94E7E-4D50-4C18-87C6-E2F56FABF242} = {27FF621F-F7B8-485A-85E8-F3DCAB9AD4AA}
		{23C4DCCC-5B81-493A-BAE7-F2F9B9D7FFB8} = {27FF621F-F7B8-485A-85E8-F3DCAB9AD4AA}
		{0ACC95B4-40BD-49F6-A60E-87DF092483EB} = {FED04BE5-3D23-4B95-B57C-0C4EE90C94BF}
		{BB253059-364C-4147-A14F-DB1BDF6CAD5D} = {30B83FBD-52E2-4C84-87D0-D9B698F94641}
		{74CEE143-6E16-4427-B44D-7EC70EC7A965} = {9D68D250-0E92-4F7E-96A6-4CC404D77B1B}
		{2D3FC1F7-2B80-43E5-B850-6AEC372F5D3C} = {FED04BE5-3D23-4B95-B57C-0C4EE90C94BF}
		{197BFE10-7F9B-418B-8B99-54B803C5194A} = {7F32CAE7-D180-45D3-B63C-4B514D16BD91}
		{46087DD3-FF81-454E-8A1A-2F0382C3ED4A} = {C6DB7FDB-7085-459C-BA95-B2BF33CAD4E8}
		{8CCABA65-BCB3-4A1B-AA46-57FCC897D06D} = {C6DB7FDB-7085-459C-BA95-B2BF33CAD4E8}
		{5FDAE34D-6E82-43FD-9E90-A42DBD15552E} = {C6DB7FDB-7085-459C-BA95-B2BF33CAD4E8}
		{C6DB7FDB-7085-459C-BA95-B2BF33CAD4E8} = {FED04BE5-3D23-4B95-B57C-0C4EE90C94BF}
		{FACC97DE-EA62-48C6-BF73-299EF6BD23E5} = {FED04BE5-3D23-4B95-B57C-0C4EE90C94BF}
		{A8E98001-9AC5-43AB-B200-9E3BD65CBF93} = {FACC97DE-EA62-48C6-BF73-299EF6BD23E5}
		{4E36F71A-4FB0-4355-AAE9-2EA235ACCCC5} = {FACC97DE-EA62-48C6-BF73-299EF6BD23E5}
		{7D4F7089-A8F9-4EB2-BCEE-ABCCFAE281E0} = {FACC97DE-EA62-48C6-BF73-299EF6BD23E5}
	EndGlobalSection
EndGlobal
