
Microsoft Visual Studio Solution File, Format Version 12.00
# Visual Studio 14
VisualStudioVersion = 14.0.25029.0
MinimumVisualStudioVersion = 10.0.40219.1
Project("{8BB2217D-0F2D-49D1-97BC-3654ED321F3B}") = "NumberAndDateFormatting", "NumberAndDateFormatting\NumberAndDateFormatting.xproj", "{E478078C-D393-4567-873B-22A9994F29C6}"
EndProject
Project("{FAE04EC0-301F-11D3-BF4B-00C04F79EFBC}") = "WPFCultureDemo", "WPFCultureDemo\WPFCultureDemo.csproj", "{5322DA26-D8DE-4714-ADEC-0BBA750FD28F}"
EndProject
Project("{8BB2217D-0F2D-49D1-97BC-3654ED321F3B}") = "SortingDemo", "SortingDemo\SortingDemo.xproj", "{03D814A2-80C6-4B70-BAD7-EF20ED7DEE89}"
EndProject
Project("{8BB2217D-0F2D-49D1-97BC-3654ED321F3B}") = "CreateResource", "CreateResource\CreateResource.xproj", "{DA737664-FCF1-4A0B-A749-D37B34D21563}"
EndProject
Project("{8BB2217D-0F2D-49D1-97BC-3654ED321F3B}") = "ResourcesDemo", "ResourcesDemo\ResourcesDemo.xproj", "{87024A2B-5B7B-427D-BC57-334FCF5A0F90}"
EndProject
Project("{FAE04EC0-301F-11D3-BF4B-00C04F79EFBC}") = "WpfApplication", "WpfApplication\WpfApplication.csproj", "{1A0C3B70-DA56-4983-AE6E-5FC344377FD3}"
EndProject
Project("{8BB2217D-0F2D-49D1-97BC-3654ED321F3B}") = "WebApplicationSample", "WebApplicationSample\WebApplicationSample.xproj", "{DAB8BE9C-B15A-4FCA-ABAA-38CCA0FA10E2}"
EndProject
Project("{FAE04EC0-301F-11D3-BF4B-00C04F79EFBC}") = "CustomCultures", "CustomCultures\CustomCultures.csproj", "{AA03B3C5-AD7E-4610-B243-318908BDA1BC}"
EndProject
Project("{FAE04EC0-301F-11D3-BF4B-00C04F79EFBC}") = "UWPLocalization", "UWPLocalization\UWPLocalization.csproj", "{8EC2B1DB-9787-456C-8F00-95CDF50C0BE3}"
EndProject
Global
	GlobalSection(SolutionConfigurationPlatforms) = preSolution
		Debug|Any CPU = Debug|Any CPU
		Debug|ARM = Debug|ARM
		Debug|x64 = Debug|x64
		Debug|x86 = Debug|x86
		Release|Any CPU = Release|Any CPU
		Release|ARM = Release|ARM
		Release|x64 = Release|x64
		Release|x86 = Release|x86
	EndGlobalSection
	GlobalSection(ProjectConfigurationPlatforms) = postSolution
		{E478078C-D393-4567-873B-22A9994F29C6}.Debug|Any CPU.ActiveCfg = Debug|Any CPU
		{E478078C-D393-4567-873B-22A9994F29C6}.Debug|Any CPU.Build.0 = Debug|Any CPU
		{E478078C-D393-4567-873B-22A9994F29C6}.Debug|ARM.ActiveCfg = Debug|Any CPU
		{E478078C-D393-4567-873B-22A9994F29C6}.Debug|ARM.Build.0 = Debug|Any CPU
		{E478078C-D393-4567-873B-22A9994F29C6}.Debug|x64.ActiveCfg = Debug|Any CPU
		{E478078C-D393-4567-873B-22A9994F29C6}.Debug|x64.Build.0 = Debug|Any CPU
		{E478078C-D393-4567-873B-22A9994F29C6}.Debug|x86.ActiveCfg = Debug|Any CPU
		{E478078C-D393-4567-873B-22A9994F29C6}.Debug|x86.Build.0 = Debug|Any CPU
		{E478078C-D393-4567-873B-22A9994F29C6}.Release|Any CPU.ActiveCfg = Release|Any CPU
		{E478078C-D393-4567-873B-22A9994F29C6}.Release|Any CPU.Build.0 = Release|Any CPU
		{E478078C-D393-4567-873B-22A9994F29C6}.Release|ARM.ActiveCfg = Release|Any CPU
		{E478078C-D393-4567-873B-22A9994F29C6}.Release|ARM.Build.0 = Release|Any CPU
		{E478078C-D393-4567-873B-22A9994F29C6}.Release|x64.ActiveCfg = Release|Any CPU
		{E478078C-D393-4567-873B-22A9994F29C6}.Release|x64.Build.0 = Release|Any CPU
		{E478078C-D393-4567-873B-22A9994F29C6}.Release|x86.ActiveCfg = Release|Any CPU
		{E478078C-D393-4567-873B-22A9994F29C6}.Release|x86.Build.0 = Release|Any CPU
		{5322DA26-D8DE-4714-ADEC-0BBA750FD28F}.Debug|Any CPU.ActiveCfg = Debug|Any CPU
		{5322DA26-D8DE-4714-ADEC-0BBA750FD28F}.Debug|Any CPU.Build.0 = Debug|Any CPU
		{5322DA26-D8DE-4714-ADEC-0BBA750FD28F}.Debug|ARM.ActiveCfg = Debug|Any CPU
		{5322DA26-D8DE-4714-ADEC-0BBA750FD28F}.Debug|ARM.Build.0 = Debug|Any CPU
		{5322DA26-D8DE-4714-ADEC-0BBA750FD28F}.Debug|x64.ActiveCfg = Debug|Any CPU
		{5322DA26-D8DE-4714-ADEC-0BBA750FD28F}.Debug|x64.Build.0 = Debug|Any CPU
		{5322DA26-D8DE-4714-ADEC-0BBA750FD28F}.Debug|x86.ActiveCfg = Debug|Any CPU
		{5322DA26-D8DE-4714-ADEC-0BBA750FD28F}.Debug|x86.Build.0 = Debug|Any CPU
		{5322DA26-D8DE-4714-ADEC-0BBA750FD28F}.Release|Any CPU.ActiveCfg = Release|Any CPU
		{5322DA26-D8DE-4714-ADEC-0BBA750FD28F}.Release|Any CPU.Build.0 = Release|Any CPU
		{5322DA26-D8DE-4714-ADEC-0BBA750FD28F}.Release|ARM.ActiveCfg = Release|Any CPU
		{5322DA26-D8DE-4714-ADEC-0BBA750FD28F}.Release|ARM.Build.0 = Release|Any CPU
		{5322DA26-D8DE-4714-ADEC-0BBA750FD28F}.Release|x64.ActiveCfg = Release|Any CPU
		{5322DA26-D8DE-4714-ADEC-0BBA750FD28F}.Release|x64.Build.0 = Release|Any CPU
		{5322DA26-D8DE-4714-ADEC-0BBA750FD28F}.Release|x86.ActiveCfg = Release|Any CPU
		{5322DA26-D8DE-4714-ADEC-0BBA750FD28F}.Release|x86.Build.0 = Release|Any CPU
		{03D814A2-80C6-4B70-BAD7-EF20ED7DEE89}.Debug|Any CPU.ActiveCfg = Debug|Any CPU
		{03D814A2-80C6-4B70-BAD7-EF20ED7DEE89}.Debug|Any CPU.Build.0 = Debug|Any CPU
		{03D814A2-80C6-4B70-BAD7-EF20ED7DEE89}.Debug|ARM.ActiveCfg = Debug|Any CPU
		{03D814A2-80C6-4B70-BAD7-EF20ED7DEE89}.Debug|ARM.Build.0 = Debug|Any CPU
		{03D814A2-80C6-4B70-BAD7-EF20ED7DEE89}.Debug|x64.ActiveCfg = Debug|Any CPU
		{03D814A2-80C6-4B70-BAD7-EF20ED7DEE89}.Debug|x64.Build.0 = Debug|Any CPU
		{03D814A2-80C6-4B70-BAD7-EF20ED7DEE89}.Debug|x86.ActiveCfg = Debug|Any CPU
		{03D814A2-80C6-4B70-BAD7-EF20ED7DEE89}.Debug|x86.Build.0 = Debug|Any CPU
		{03D814A2-80C6-4B70-BAD7-EF20ED7DEE89}.Release|Any CPU.ActiveCfg = Release|Any CPU
		{03D814A2-80C6-4B70-BAD7-EF20ED7DEE89}.Release|Any CPU.Build.0 = Release|Any CPU
		{03D814A2-80C6-4B70-BAD7-EF20ED7DEE89}.Release|ARM.ActiveCfg = Release|Any CPU
		{03D814A2-80C6-4B70-BAD7-EF20ED7DEE89}.Release|ARM.Build.0 = Release|Any CPU
		{03D814A2-80C6-4B70-BAD7-EF20ED7DEE89}.Release|x64.ActiveCfg = Release|Any CPU
		{03D814A2-80C6-4B70-BAD7-EF20ED7DEE89}.Release|x64.Build.0 = Release|Any CPU
		{03D814A2-80C6-4B70-BAD7-EF20ED7DEE89}.Release|x86.ActiveCfg = Release|Any CPU
		{03D814A2-80C6-4B70-BAD7-EF20ED7DEE89}.Release|x86.Build.0 = Release|Any CPU
		{DA737664-FCF1-4A0B-A749-D37B34D21563}.Debug|Any CPU.ActiveCfg = Debug|Any CPU
		{DA737664-FCF1-4A0B-A749-D37B34D21563}.Debug|Any CPU.Build.0 = Debug|Any CPU
		{DA737664-FCF1-4A0B-A749-D37B34D21563}.Debug|ARM.ActiveCfg = Debug|Any CPU
		{DA737664-FCF1-4A0B-A749-D37B34D21563}.Debug|ARM.Build.0 = Debug|Any CPU
		{DA737664-FCF1-4A0B-A749-D37B34D21563}.Debug|x64.ActiveCfg = Debug|Any CPU
		{DA737664-FCF1-4A0B-A749-D37B34D21563}.Debug|x64.Build.0 = Debug|Any CPU
		{DA737664-FCF1-4A0B-A749-D37B34D21563}.Debug|x86.ActiveCfg = Debug|Any CPU
		{DA737664-FCF1-4A0B-A749-D37B34D21563}.Debug|x86.Build.0 = Debug|Any CPU
		{DA737664-FCF1-4A0B-A749-D37B34D21563}.Release|Any CPU.ActiveCfg = Release|Any CPU
		{DA737664-FCF1-4A0B-A749-D37B34D21563}.Release|Any CPU.Build.0 = Release|Any CPU
		{DA737664-FCF1-4A0B-A749-D37B34D21563}.Release|ARM.ActiveCfg = Release|Any CPU
		{DA737664-FCF1-4A0B-A749-D37B34D21563}.Release|ARM.Build.0 = Release|Any CPU
		{DA737664-FCF1-4A0B-A749-D37B34D21563}.Release|x64.ActiveCfg = Release|Any CPU
		{DA737664-FCF1-4A0B-A749-D37B34D21563}.Release|x64.Build.0 = Release|Any CPU
		{DA737664-FCF1-4A0B-A749-D37B34D21563}.Release|x86.ActiveCfg = Release|Any CPU
		{DA737664-FCF1-4A0B-A749-D37B34D21563}.Release|x86.Build.0 = Release|Any CPU
		{87024A2B-5B7B-427D-BC57-334FCF5A0F90}.Debug|Any CPU.ActiveCfg = Debug|Any CPU
		{87024A2B-5B7B-427D-BC57-334FCF5A0F90}.Debug|Any CPU.Build.0 = Debug|Any CPU
		{87024A2B-5B7B-427D-BC57-334FCF5A0F90}.Debug|ARM.ActiveCfg = Debug|Any CPU
		{87024A2B-5B7B-427D-BC57-334FCF5A0F90}.Debug|ARM.Build.0 = Debug|Any CPU
		{87024A2B-5B7B-427D-BC57-334FCF5A0F90}.Debug|x64.ActiveCfg = Debug|Any CPU
		{87024A2B-5B7B-427D-BC57-334FCF5A0F90}.Debug|x64.Build.0 = Debug|Any CPU
		{87024A2B-5B7B-427D-BC57-334FCF5A0F90}.Debug|x86.ActiveCfg = Debug|Any CPU
		{87024A2B-5B7B-427D-BC57-334FCF5A0F90}.Debug|x86.Build.0 = Debug|Any CPU
		{87024A2B-5B7B-427D-BC57-334FCF5A0F90}.Release|Any CPU.ActiveCfg = Release|Any CPU
		{87024A2B-5B7B-427D-BC57-334FCF5A0F90}.Release|Any CPU.Build.0 = Release|Any CPU
		{87024A2B-5B7B-427D-BC57-334FCF5A0F90}.Release|ARM.ActiveCfg = Release|Any CPU
		{87024A2B-5B7B-427D-BC57-334FCF5A0F90}.Release|ARM.Build.0 = Release|Any CPU
		{87024A2B-5B7B-427D-BC57-334FCF5A0F90}.Release|x64.ActiveCfg = Release|Any CPU
		{87024A2B-5B7B-427D-BC57-334FCF5A0F90}.Release|x64.Build.0 = Release|Any CPU
		{87024A2B-5B7B-427D-BC57-334FCF5A0F90}.Release|x86.ActiveCfg = Release|Any CPU
		{87024A2B-5B7B-427D-BC57-334FCF5A0F90}.Release|x86.Build.0 = Release|Any CPU
		{1A0C3B70-DA56-4983-AE6E-5FC344377FD3}.Debug|Any CPU.ActiveCfg = Debug|Any CPU
		{1A0C3B70-DA56-4983-AE6E-5FC344377FD3}.Debug|Any CPU.Build.0 = Debug|Any CPU
		{1A0C3B70-DA56-4983-AE6E-5FC344377FD3}.Debug|ARM.ActiveCfg = Debug|Any CPU
		{1A0C3B70-DA56-4983-AE6E-5FC344377FD3}.Debug|ARM.Build.0 = Debug|Any CPU
		{1A0C3B70-DA56-4983-AE6E-5FC344377FD3}.Debug|x64.ActiveCfg = Debug|Any CPU
		{1A0C3B70-DA56-4983-AE6E-5FC344377FD3}.Debug|x64.Build.0 = Debug|Any CPU
		{1A0C3B70-DA56-4983-AE6E-5FC344377FD3}.Debug|x86.ActiveCfg = Debug|Any CPU
		{1A0C3B70-DA56-4983-AE6E-5FC344377FD3}.Debug|x86.Build.0 = Debug|Any CPU
		{1A0C3B70-DA56-4983-AE6E-5FC344377FD3}.Release|Any CPU.ActiveCfg = Release|Any CPU
		{1A0C3B70-DA56-4983-AE6E-5FC344377FD3}.Release|Any CPU.Build.0 = Release|Any CPU
		{1A0C3B70-DA56-4983-AE6E-5FC344377FD3}.Release|ARM.ActiveCfg = Release|Any CPU
		{1A0C3B70-DA56-4983-AE6E-5FC344377FD3}.Release|ARM.Build.0 = Release|Any CPU
		{1A0C3B70-DA56-4983-AE6E-5FC344377FD3}.Release|x64.ActiveCfg = Release|Any CPU
		{1A0C3B70-DA56-4983-AE6E-5FC344377FD3}.Release|x64.Build.0 = Release|Any CPU
		{1A0C3B70-DA56-4983-AE6E-5FC344377FD3}.Release|x86.ActiveCfg = Release|Any CPU
		{1A0C3B70-DA56-4983-AE6E-5FC344377FD3}.Release|x86.Build.0 = Release|Any CPU
		{DAB8BE9C-B15A-4FCA-ABAA-38CCA0FA10E2}.Debug|Any CPU.ActiveCfg = Debug|Any CPU
		{DAB8BE9C-B15A-4FCA-ABAA-38CCA0FA10E2}.Debug|Any CPU.Build.0 = Debug|Any CPU
		{DAB8BE9C-B15A-4FCA-ABAA-38CCA0FA10E2}.Debug|ARM.ActiveCfg = Debug|Any CPU
		{DAB8BE9C-B15A-4FCA-ABAA-38CCA0FA10E2}.Debug|ARM.Build.0 = Debug|Any CPU
		{DAB8BE9C-B15A-4FCA-ABAA-38CCA0FA10E2}.Debug|x64.ActiveCfg = Debug|Any CPU
		{DAB8BE9C-B15A-4FCA-ABAA-38CCA0FA10E2}.Debug|x64.Build.0 = Debug|Any CPU
		{DAB8BE9C-B15A-4FCA-ABAA-38CCA0FA10E2}.Debug|x86.ActiveCfg = Debug|Any CPU
		{DAB8BE9C-B15A-4FCA-ABAA-38CCA0FA10E2}.Debug|x86.Build.0 = Debug|Any CPU
		{DAB8BE9C-B15A-4FCA-ABAA-38CCA0FA10E2}.Release|Any CPU.ActiveCfg = Release|Any CPU
		{DAB8BE9C-B15A-4FCA-ABAA-38CCA0FA10E2}.Release|Any CPU.Build.0 = Release|Any CPU
		{DAB8BE9C-B15A-4FCA-ABAA-38CCA0FA10E2}.Release|ARM.ActiveCfg = Release|Any CPU
		{DAB8BE9C-B15A-4FCA-ABAA-38CCA0FA10E2}.Release|ARM.Build.0 = Release|Any CPU
		{DAB8BE9C-B15A-4FCA-ABAA-38CCA0FA10E2}.Release|x64.ActiveCfg = Release|Any CPU
		{DAB8BE9C-B15A-4FCA-ABAA-38CCA0FA10E2}.Release|x64.Build.0 = Release|Any CPU
		{DAB8BE9C-B15A-4FCA-ABAA-38CCA0FA10E2}.Release|x86.ActiveCfg = Release|Any CPU
		{DAB8BE9C-B15A-4FCA-ABAA-38CCA0FA10E2}.Release|x86.Build.0 = Release|Any CPU
		{AA03B3C5-AD7E-4610-B243-318908BDA1BC}.Debug|Any CPU.ActiveCfg = Debug|Any CPU
		{AA03B3C5-AD7E-4610-B243-318908BDA1BC}.Debug|Any CPU.Build.0 = Debug|Any CPU
		{AA03B3C5-AD7E-4610-B243-318908BDA1BC}.Debug|ARM.ActiveCfg = Debug|Any CPU
		{AA03B3C5-AD7E-4610-B243-318908BDA1BC}.Debug|ARM.Build.0 = Debug|Any CPU
		{AA03B3C5-AD7E-4610-B243-318908BDA1BC}.Debug|x64.ActiveCfg = Debug|Any CPU
		{AA03B3C5-AD7E-4610-B243-318908BDA1BC}.Debug|x64.Build.0 = Debug|Any CPU
		{AA03B3C5-AD7E-4610-B243-318908BDA1BC}.Debug|x86.ActiveCfg = Debug|Any CPU
		{AA03B3C5-AD7E-4610-B243-318908BDA1BC}.Debug|x86.Build.0 = Debug|Any CPU
		{AA03B3C5-AD7E-4610-B243-318908BDA1BC}.Release|Any CPU.ActiveCfg = Release|Any CPU
		{AA03B3C5-AD7E-4610-B243-318908BDA1BC}.Release|Any CPU.Build.0 = Release|Any CPU
		{AA03B3C5-AD7E-4610-B243-318908BDA1BC}.Release|ARM.ActiveCfg = Release|Any CPU
		{AA03B3C5-AD7E-4610-B243-318908BDA1BC}.Release|ARM.Build.0 = Release|Any CPU
		{AA03B3C5-AD7E-4610-B243-318908BDA1BC}.Release|x64.ActiveCfg = Release|Any CPU
		{AA03B3C5-AD7E-4610-B243-318908BDA1BC}.Release|x64.Build.0 = Release|Any CPU
		{AA03B3C5-AD7E-4610-B243-318908BDA1BC}.Release|x86.ActiveCfg = Release|Any CPU
		{AA03B3C5-AD7E-4610-B243-318908BDA1BC}.Release|x86.Build.0 = Release|Any CPU
		{8EC2B1DB-9787-456C-8F00-95CDF50C0BE3}.Debug|Any CPU.ActiveCfg = Debug|x64
		{8EC2B1DB-9787-456C-8F00-95CDF50C0BE3}.Debug|Any CPU.Build.0 = Debug|x64
		{8EC2B1DB-9787-456C-8F00-95CDF50C0BE3}.Debug|ARM.ActiveCfg = Debug|ARM
		{8EC2B1DB-9787-456C-8F00-95CDF50C0BE3}.Debug|ARM.Build.0 = Debug|ARM
		{8EC2B1DB-9787-456C-8F00-95CDF50C0BE3}.Debug|ARM.Deploy.0 = Debug|ARM
		{8EC2B1DB-9787-456C-8F00-95CDF50C0BE3}.Debug|x64.ActiveCfg = Debug|x64
		{8EC2B1DB-9787-456C-8F00-95CDF50C0BE3}.Debug|x64.Build.0 = Debug|x64
		{8EC2B1DB-9787-456C-8F00-95CDF50C0BE3}.Debug|x64.Deploy.0 = Debug|x64
		{8EC2B1DB-9787-456C-8F00-95CDF50C0BE3}.Debug|x86.ActiveCfg = Debug|x86
		{8EC2B1DB-9787-456C-8F00-95CDF50C0BE3}.Debug|x86.Build.0 = Debug|x86
		{8EC2B1DB-9787-456C-8F00-95CDF50C0BE3}.Debug|x86.Deploy.0 = Debug|x86
		{8EC2B1DB-9787-456C-8F00-95CDF50C0BE3}.Release|Any CPU.ActiveCfg = Release|x86
		{8EC2B1DB-9787-456C-8F00-95CDF50C0BE3}.Release|ARM.ActiveCfg = Release|ARM
		{8EC2B1DB-9787-456C-8F00-95CDF50C0BE3}.Release|ARM.Build.0 = Release|ARM
		{8EC2B1DB-9787-456C-8F00-95CDF50C0BE3}.Release|ARM.Deploy.0 = Release|ARM
		{8EC2B1DB-9787-456C-8F00-95CDF50C0BE3}.Release|x64.ActiveCfg = Release|x64
		{8EC2B1DB-9787-456C-8F00-95CDF50C0BE3}.Release|x64.Build.0 = Release|x64
		{8EC2B1DB-9787-456C-8F00-95CDF50C0BE3}.Release|x64.Deploy.0 = Release|x64
		{8EC2B1DB-9787-456C-8F00-95CDF50C0BE3}.Release|x86.ActiveCfg = Release|x86
		{8EC2B1DB-9787-456C-8F00-95CDF50C0BE3}.Release|x86.Build.0 = Release|x86
		{8EC2B1DB-9787-456C-8F00-95CDF50C0BE3}.Release|x86.Deploy.0 = Release|x86
	EndGlobalSection
	GlobalSection(SolutionProperties) = preSolution
		HideSolutionNode = FALSE
	EndGlobalSection
EndGlobal
