Microsoft Visual Studio Solution File, Format Version 12.00
# Visual Studio 15
VisualStudioVersion = 15.0.26403.7
MinimumVisualStudioVersion = 15.0.26124.0
Project("{9A19103F-16F7-4668-BE54-9A1E7A4F7556}") = "HelloWorld", "HelloWorld\HelloWorld.csproj", "{03E79868-A4AB-4016-AE03-3CAA89C6542A}"
EndProject
Project("{9A19103F-16F7-4668-BE54-9A1E7A4F7556}") = "HelloLib", "HelloLib\HelloLib.csproj", "{4433F1E0-9A97-4A9E-BE43-BD29715264C9}"
EndProject
Global
	GlobalSection(SolutionConfigurationPlatforms) = preSolution
		Debug|Any CPU = Debug|Any CPU
		Debug|x64 = Debug|x64
		Debug|x86 = Debug|x86
		Release|Any CPU = Release|Any CPU
		Release|x64 = Release|x64
		Release|x86 = Release|x86
	EndGlobalSection
	GlobalSection(ProjectConfigurationPlatforms) = postSolution
		{03E79868-A4AB-4016-AE03-3CAA89C6542A}.Debug|Any CPU.ActiveCfg = Debug|Any CPU
		{03E79868-A4AB-4016-AE03-3CAA89C6542A}.Debug|Any CPU.Build.0 = Debug|Any CPU
		{03E79868-A4AB-4016-AE03-3CAA89C6542A}.Debug|x64.ActiveCfg = Debug|Any CPU
		{03E79868-A4AB-4016-AE03-3CAA89C6542A}.Debug|x64.Build.0 = Debug|Any CPU
		{03E79868-A4AB-4016-AE03-3CAA89C6542A}.Debug|x86.ActiveCfg = Debug|Any CPU
		{03E79868-A4AB-4016-AE03-3CAA89C6542A}.Debug|x86.Build.0 = Debug|Any CPU
		{03E79868-A4AB-4016-AE03-3CAA89C6542A}.Release|Any CPU.ActiveCfg = Release|Any CPU
		{03E79868-A4AB-4016-AE03-3CAA89C6542A}.Release|Any CPU.Build.0 = Release|Any CPU
		{03E79868-A4AB-4016-AE03-3CAA89C6542A}.Release|x64.ActiveCfg = Release|Any CPU
		{03E79868-A4AB-4016-AE03-3CAA89C6542A}.Release|x64.Build.0 = Release|Any CPU
		{03E79868-A4AB-4016-AE03-3CAA89C6542A}.Release|x86.ActiveCfg = Release|Any CPU
		{03E79868-A4AB-4016-AE03-3CAA89C6542A}.Release|x86.Build.0 = Release|Any CPU
		{4433F1E0-9A97-4A9E-BE43-BD29715264C9}.Debug|Any CPU.ActiveCfg = Debug|Any CPU
		{4433F1E0-9A97-4A9E-BE43-BD29715264C9}.Debug|Any CPU.Build.0 = Debug|Any CPU
		{4433F1E0-9A97-4A9E-BE43-BD29715264C9}.Debug|x64.ActiveCfg = Debug|Any CPU
		{4433F1E0-9A97-4A9E-BE43-BD29715264C9}.Debug|x64.Build.0 = Debug|Any CPU
		{4433F1E0-9A97-4A9E-BE43-BD29715264C9}.Debug|x86.ActiveCfg = Debug|Any CPU
		{4433F1E0-9A97-4A9E-BE43-BD29715264C9}.Debug|x86.Build.0 = Debug|Any CPU
		{4433F1E0-9A97-4A9E-BE43-BD29715264C9}.Release|Any CPU.ActiveCfg = Release|Any CPU
		{4433F1E0-9A97-4A9E-BE43-BD29715264C9}.Release|Any CPU.Build.0 = Release|Any CPU
		{4433F1E0-9A97-4A9E-BE43-BD29715264C9}.Release|x64.ActiveCfg = Release|Any CPU
		{4433F1E0-9A97-4A9E-BE43-BD29715264C9}.Release|x64.Build.0 = Release|Any CPU
		{4433F1E0-9A97-4A9E-BE43-BD29715264C9}.Release|x86.ActiveCfg = Release|Any CPU
		{4433F1E0-9A97-4A9E-BE43-BD29715264C9}.Release|x86.Build.0 = Release|Any CPU
	EndGlobalSection
	GlobalSection(SolutionProperties) = preSolution
		HideSolutionNode = FALSE
	EndGlobalSection
EndGlobal
