
Microsoft Visual Studio Solution File, Format Version 12.00
# Visual Studio 14
VisualStudioVersion = 14.0.25420.1
MinimumVisualStudioVersion = 10.0.40219.1
Project("{FAE04EC0-301F-11D3-BF4B-00C04F79EFBC}") = "Framework", "Framework\Framework.csproj", "{04E9F31E-FFFF-40A8-8B62-6B231F1504CA}"
EndProject
Project("{FAE04EC0-301F-11D3-BF4B-00C04F79EFBC}") = "Models", "Models\Models.csproj", "{A3037B5A-DF64-48A5-9780-872C64242B3C}"
EndProject
Project("{FAE04EC0-301F-11D3-BF4B-00C04F79EFBC}") = "Repositories", "Repositories\Repositories.csproj", "{EF9AC486-B57F-4C54-B1D3-43878DDF6F54}"
EndProject
Project("{FAE04EC0-301F-11D3-BF4B-00C04F79EFBC}") = "ViewModels", "ViewModels\ViewModels.csproj", "{D7162966-3C67-48E0-9BB1-E4D9609B92E5}"
EndProject
Project("{FAE04EC0-301F-11D3-BF4B-00C04F79EFBC}") = "BooksDesktopApp", "BooksDesktopApp\BooksDesktopApp.csproj", "{2E790B09-F5E1-49C2-A6E0-020051C607A3}"
EndProject
Project("{FAE04EC0-301F-11D3-BF4B-00C04F79EFBC}") = "Contracts", "Contracts\Contracts.csproj", "{A1806113-702B-4C5F-8B01-CBF63F1295AF}"
EndProject
Project("{FAE04EC0-301F-11D3-BF4B-00C04F79EFBC}") = "BooksUniversalApp", "BooksUniversalApp\BooksUniversalApp.csproj", "{0EA63750-3338-4950-9186-B52EF5042766}"
EndProject
Project("{FAE04EC0-301F-11D3-BF4B-00C04F79EFBC}") = "Services", "Services\Services.csproj", "{959902FA-299C-452B-8646-448834C1E5E9}"
EndProject
Global
	GlobalSection(SolutionConfigurationPlatforms) = preSolution
		Debug|Any CPU = Debug|Any CPU
		Debug|ARM = Debug|ARM
		Debug|x64 = Debug|x64
		Debug|x86 = Debug|x86
		Release|Any CPU = Release|Any CPU
		Release|ARM = Release|ARM
		Release|x64 = Release|x64
		Release|x86 = Release|x86
	EndGlobalSection
	GlobalSection(ProjectConfigurationPlatforms) = postSolution
		{04E9F31E-FFFF-40A8-8B62-6B231F1504CA}.Debug|Any CPU.ActiveCfg = Debug|Any CPU
		{04E9F31E-FFFF-40A8-8B62-6B231F1504CA}.Debug|Any CPU.Build.0 = Debug|Any CPU
		{04E9F31E-FFFF-40A8-8B62-6B231F1504CA}.Debug|ARM.ActiveCfg = Debug|Any CPU
		{04E9F31E-FFFF-40A8-8B62-6B231F1504CA}.Debug|ARM.Build.0 = Debug|Any CPU
		{04E9F31E-FFFF-40A8-8B62-6B231F1504CA}.Debug|x64.ActiveCfg = Debug|Any CPU
		{04E9F31E-FFFF-40A8-8B62-6B231F1504CA}.Debug|x64.Build.0 = Debug|Any CPU
		{04E9F31E-FFFF-40A8-8B62-6B231F1504CA}.Debug|x86.ActiveCfg = Debug|Any CPU
		{04E9F31E-FFFF-40A8-8B62-6B231F1504CA}.Debug|x86.Build.0 = Debug|Any CPU
		{04E9F31E-FFFF-40A8-8B62-6B231F1504CA}.Release|Any CPU.ActiveCfg = Release|Any CPU
		{04E9F31E-FFFF-40A8-8B62-6B231F1504CA}.Release|Any CPU.Build.0 = Release|Any CPU
		{04E9F31E-FFFF-40A8-8B62-6B231F1504CA}.Release|ARM.ActiveCfg = Release|Any CPU
		{04E9F31E-FFFF-40A8-8B62-6B231F1504CA}.Release|ARM.Build.0 = Release|Any CPU
		{04E9F31E-FFFF-40A8-8B62-6B231F1504CA}.Release|x64.ActiveCfg = Release|Any CPU
		{04E9F31E-FFFF-40A8-8B62-6B231F1504CA}.Release|x64.Build.0 = Release|Any CPU
		{04E9F31E-FFFF-40A8-8B62-6B231F1504CA}.Release|x86.ActiveCfg = Release|Any CPU
		{04E9F31E-FFFF-40A8-8B62-6B231F1504CA}.Release|x86.Build.0 = Release|Any CPU
		{A3037B5A-DF64-48A5-9780-872C64242B3C}.Debug|Any CPU.ActiveCfg = Debug|Any CPU
		{A3037B5A-DF64-48A5-9780-872C64242B3C}.Debug|Any CPU.Build.0 = Debug|Any CPU
		{A3037B5A-DF64-48A5-9780-872C64242B3C}.Debug|ARM.ActiveCfg = Debug|Any CPU
		{A3037B5A-DF64-48A5-9780-872C64242B3C}.Debug|ARM.Build.0 = Debug|Any CPU
		{A3037B5A-DF64-48A5-9780-872C64242B3C}.Debug|x64.ActiveCfg = Debug|Any CPU
		{A3037B5A-DF64-48A5-9780-872C64242B3C}.Debug|x64.Build.0 = Debug|Any CPU
		{A3037B5A-DF64-48A5-9780-872C64242B3C}.Debug|x86.ActiveCfg = Debug|Any CPU
		{A3037B5A-DF64-48A5-9780-872C64242B3C}.Debug|x86.Build.0 = Debug|Any CPU
		{A3037B5A-DF64-48A5-9780-872C64242B3C}.Release|Any CPU.ActiveCfg = Release|Any CPU
		{A3037B5A-DF64-48A5-9780-872C64242B3C}.Release|Any CPU.Build.0 = Release|Any CPU
		{A3037B5A-DF64-48A5-9780-872C64242B3C}.Release|ARM.ActiveCfg = Release|Any CPU
		{A3037B5A-DF64-48A5-9780-872C64242B3C}.Release|ARM.Build.0 = Release|Any CPU
		{A3037B5A-DF64-48A5-9780-872C64242B3C}.Release|x64.ActiveCfg = Release|Any CPU
		{A3037B5A-DF64-48A5-9780-872C64242B3C}.Release|x64.Build.0 = Release|Any CPU
		{A3037B5A-DF64-48A5-9780-872C64242B3C}.Release|x86.ActiveCfg = Release|Any CPU
		{A3037B5A-DF64-48A5-9780-872C64242B3C}.Release|x86.Build.0 = Release|Any CPU
		{EF9AC486-B57F-4C54-B1D3-43878DDF6F54}.Debug|Any CPU.ActiveCfg = Debug|Any CPU
		{EF9AC486-B57F-4C54-B1D3-43878DDF6F54}.Debug|Any CPU.Build.0 = Debug|Any CPU
		{EF9AC486-B57F-4C54-B1D3-43878DDF6F54}.Debug|ARM.ActiveCfg = Debug|Any CPU
		{EF9AC486-B57F-4C54-B1D3-43878DDF6F54}.Debug|ARM.Build.0 = Debug|Any CPU
		{EF9AC486-B57F-4C54-B1D3-43878DDF6F54}.Debug|x64.ActiveCfg = Debug|Any CPU
		{EF9AC486-B57F-4C54-B1D3-43878DDF6F54}.Debug|x64.Build.0 = Debug|Any CPU
		{EF9AC486-B57F-4C54-B1D3-43878DDF6F54}.Debug|x86.ActiveCfg = Debug|Any CPU
		{EF9AC486-B57F-4C54-B1D3-43878DDF6F54}.Debug|x86.Build.0 = Debug|Any CPU
		{EF9AC486-B57F-4C54-B1D3-43878DDF6F54}.Release|Any CPU.ActiveCfg = Release|Any CPU
		{EF9AC486-B57F-4C54-B1D3-43878DDF6F54}.Release|Any CPU.Build.0 = Release|Any CPU
		{EF9AC486-B57F-4C54-B1D3-43878DDF6F54}.Release|ARM.ActiveCfg = Release|Any CPU
		{EF9AC486-B57F-4C54-B1D3-43878DDF6F54}.Release|ARM.Build.0 = Release|Any CPU
		{EF9AC486-B57F-4C54-B1D3-43878DDF6F54}.Release|x64.ActiveCfg = Release|Any CPU
		{EF9AC486-B57F-4C54-B1D3-43878DDF6F54}.Release|x64.Build.0 = Release|Any CPU
		{EF9AC486-B57F-4C54-B1D3-43878DDF6F54}.Release|x86.ActiveCfg = Release|Any CPU
		{EF9AC486-B57F-4C54-B1D3-43878DDF6F54}.Release|x86.Build.0 = Release|Any CPU
		{D7162966-3C67-48E0-9BB1-E4D9609B92E5}.Debug|Any CPU.ActiveCfg = Debug|Any CPU
		{D7162966-3C67-48E0-9BB1-E4D9609B92E5}.Debug|Any CPU.Build.0 = Debug|Any CPU
		{D7162966-3C67-48E0-9BB1-E4D9609B92E5}.Debug|ARM.ActiveCfg = Debug|Any CPU
		{D7162966-3C67-48E0-9BB1-E4D9609B92E5}.Debug|ARM.Build.0 = Debug|Any CPU
		{D7162966-3C67-48E0-9BB1-E4D9609B92E5}.Debug|x64.ActiveCfg = Debug|Any CPU
		{D7162966-3C67-48E0-9BB1-E4D9609B92E5}.Debug|x64.Build.0 = Debug|Any CPU
		{D7162966-3C67-48E0-9BB1-E4D9609B92E5}.Debug|x86.ActiveCfg = Debug|Any CPU
		{D7162966-3C67-48E0-9BB1-E4D9609B92E5}.Debug|x86.Build.0 = Debug|Any CPU
		{D7162966-3C67-48E0-9BB1-E4D9609B92E5}.Release|Any CPU.ActiveCfg = Release|Any CPU
		{D7162966-3C67-48E0-9BB1-E4D9609B92E5}.Release|Any CPU.Build.0 = Release|Any CPU
		{D7162966-3C67-48E0-9BB1-E4D9609B92E5}.Release|ARM.ActiveCfg = Release|Any CPU
		{D7162966-3C67-48E0-9BB1-E4D9609B92E5}.Release|ARM.Build.0 = Release|Any CPU
		{D7162966-3C67-48E0-9BB1-E4D9609B92E5}.Release|x64.ActiveCfg = Release|Any CPU
		{D7162966-3C67-48E0-9BB1-E4D9609B92E5}.Release|x64.Build.0 = Release|Any CPU
		{D7162966-3C67-48E0-9BB1-E4D9609B92E5}.Release|x86.ActiveCfg = Release|Any CPU
		{D7162966-3C67-48E0-9BB1-E4D9609B92E5}.Release|x86.Build.0 = Release|Any CPU
		{2E790B09-F5E1-49C2-A6E0-020051C607A3}.Debug|Any CPU.ActiveCfg = Debug|Any CPU
		{2E790B09-F5E1-49C2-A6E0-020051C607A3}.Debug|Any CPU.Build.0 = Debug|Any CPU
		{2E790B09-F5E1-49C2-A6E0-020051C607A3}.Debug|ARM.ActiveCfg = Debug|Any CPU
		{2E790B09-F5E1-49C2-A6E0-020051C607A3}.Debug|ARM.Build.0 = Debug|Any CPU
		{2E790B09-F5E1-49C2-A6E0-020051C607A3}.Debug|x64.ActiveCfg = Debug|Any CPU
		{2E790B09-F5E1-49C2-A6E0-020051C607A3}.Debug|x64.Build.0 = Debug|Any CPU
		{2E790B09-F5E1-49C2-A6E0-020051C607A3}.Debug|x86.ActiveCfg = Debug|Any CPU
		{2E790B09-F5E1-49C2-A6E0-020051C607A3}.Debug|x86.Build.0 = Debug|Any CPU
		{2E790B09-F5E1-49C2-A6E0-020051C607A3}.Release|Any CPU.ActiveCfg = Release|Any CPU
		{2E790B09-F5E1-49C2-A6E0-020051C607A3}.Release|Any CPU.Build.0 = Release|Any CPU
		{2E790B09-F5E1-49C2-A6E0-020051C607A3}.Release|ARM.ActiveCfg = Release|Any CPU
		{2E790B09-F5E1-49C2-A6E0-020051C607A3}.Release|ARM.Build.0 = Release|Any CPU
		{2E790B09-F5E1-49C2-A6E0-020051C607A3}.Release|x64.ActiveCfg = Release|Any CPU
		{2E790B09-F5E1-49C2-A6E0-020051C607A3}.Release|x64.Build.0 = Release|Any CPU
		{2E790B09-F5E1-49C2-A6E0-020051C607A3}.Release|x86.ActiveCfg = Release|Any CPU
		{2E790B09-F5E1-49C2-A6E0-020051C607A3}.Release|x86.Build.0 = Release|Any CPU
		{A1806113-702B-4C5F-8B01-CBF63F1295AF}.Debug|Any CPU.ActiveCfg = Debug|Any CPU
		{A1806113-702B-4C5F-8B01-CBF63F1295AF}.Debug|Any CPU.Build.0 = Debug|Any CPU
		{A1806113-702B-4C5F-8B01-CBF63F1295AF}.Debug|ARM.ActiveCfg = Debug|Any CPU
		{A1806113-702B-4C5F-8B01-CBF63F1295AF}.Debug|ARM.Build.0 = Debug|Any CPU
		{A1806113-702B-4C5F-8B01-CBF63F1295AF}.Debug|x64.ActiveCfg = Debug|Any CPU
		{A1806113-702B-4C5F-8B01-CBF63F1295AF}.Debug|x64.Build.0 = Debug|Any CPU
		{A1806113-702B-4C5F-8B01-CBF63F1295AF}.Debug|x86.ActiveCfg = Debug|Any CPU
		{A1806113-702B-4C5F-8B01-CBF63F1295AF}.Debug|x86.Build.0 = Debug|Any CPU
		{A1806113-702B-4C5F-8B01-CBF63F1295AF}.Release|Any CPU.ActiveCfg = Release|Any CPU
		{A1806113-702B-4C5F-8B01-CBF63F1295AF}.Release|Any CPU.Build.0 = Release|Any CPU
		{A1806113-702B-4C5F-8B01-CBF63F1295AF}.Release|ARM.ActiveCfg = Release|Any CPU
		{A1806113-702B-4C5F-8B01-CBF63F1295AF}.Release|ARM.Build.0 = Release|Any CPU
		{A1806113-702B-4C5F-8B01-CBF63F1295AF}.Release|x64.ActiveCfg = Release|Any CPU
		{A1806113-702B-4C5F-8B01-CBF63F1295AF}.Release|x64.Build.0 = Release|Any CPU
		{A1806113-702B-4C5F-8B01-CBF63F1295AF}.Release|x86.ActiveCfg = Release|Any CPU
		{A1806113-702B-4C5F-8B01-CBF63F1295AF}.Release|x86.Build.0 = Release|Any CPU
		{0EA63750-3338-4950-9186-B52EF5042766}.Debug|Any CPU.ActiveCfg = Debug|x64
		{0EA63750-3338-4950-9186-B52EF5042766}.Debug|Any CPU.Build.0 = Debug|x64
		{0EA63750-3338-4950-9186-B52EF5042766}.Debug|Any CPU.Deploy.0 = Debug|x64
		{0EA63750-3338-4950-9186-B52EF5042766}.Debug|ARM.ActiveCfg = Debug|ARM
		{0EA63750-3338-4950-9186-B52EF5042766}.Debug|ARM.Build.0 = Debug|ARM
		{0EA63750-3338-4950-9186-B52EF5042766}.Debug|ARM.Deploy.0 = Debug|ARM
		{0EA63750-3338-4950-9186-B52EF5042766}.Debug|x64.ActiveCfg = Debug|x64
		{0EA63750-3338-4950-9186-B52EF5042766}.Debug|x64.Build.0 = Debug|x64
		{0EA63750-3338-4950-9186-B52EF5042766}.Debug|x64.Deploy.0 = Debug|x64
		{0EA63750-3338-4950-9186-B52EF5042766}.Debug|x86.ActiveCfg = Debug|x86
		{0EA63750-3338-4950-9186-B52EF5042766}.Debug|x86.Build.0 = Debug|x86
		{0EA63750-3338-4950-9186-B52EF5042766}.Debug|x86.Deploy.0 = Debug|x86
		{0EA63750-3338-4950-9186-B52EF5042766}.Release|Any CPU.ActiveCfg = Release|x86
		{0EA63750-3338-4950-9186-B52EF5042766}.Release|ARM.ActiveCfg = Release|ARM
		{0EA63750-3338-4950-9186-B52EF5042766}.Release|ARM.Build.0 = Release|ARM
		{0EA63750-3338-4950-9186-B52EF5042766}.Release|ARM.Deploy.0 = Release|ARM
		{0EA63750-3338-4950-9186-B52EF5042766}.Release|x64.ActiveCfg = Release|x64
		{0EA63750-3338-4950-9186-B52EF5042766}.Release|x64.Build.0 = Release|x64
		{0EA63750-3338-4950-9186-B52EF5042766}.Release|x64.Deploy.0 = Release|x64
		{0EA63750-3338-4950-9186-B52EF5042766}.Release|x86.ActiveCfg = Release|x86
		{0EA63750-3338-4950-9186-B52EF5042766}.Release|x86.Build.0 = Release|x86
		{0EA63750-3338-4950-9186-B52EF5042766}.Release|x86.Deploy.0 = Release|x86
		{959902FA-299C-452B-8646-448834C1E5E9}.Debug|Any CPU.ActiveCfg = Debug|Any CPU
		{959902FA-299C-452B-8646-448834C1E5E9}.Debug|Any CPU.Build.0 = Debug|Any CPU
		{959902FA-299C-452B-8646-448834C1E5E9}.Debug|ARM.ActiveCfg = Debug|Any CPU
		{959902FA-299C-452B-8646-448834C1E5E9}.Debug|ARM.Build.0 = Debug|Any CPU
		{959902FA-299C-452B-8646-448834C1E5E9}.Debug|x64.ActiveCfg = Debug|Any CPU
		{959902FA-299C-452B-8646-448834C1E5E9}.Debug|x64.Build.0 = Debug|Any CPU
		{959902FA-299C-452B-8646-448834C1E5E9}.Debug|x86.ActiveCfg = Debug|Any CPU
		{959902FA-299C-452B-8646-448834C1E5E9}.Debug|x86.Build.0 = Debug|Any CPU
		{959902FA-299C-452B-8646-448834C1E5E9}.Release|Any CPU.ActiveCfg = Release|Any CPU
		{959902FA-299C-452B-8646-448834C1E5E9}.Release|Any CPU.Build.0 = Release|Any CPU
		{959902FA-299C-452B-8646-448834C1E5E9}.Release|ARM.ActiveCfg = Release|Any CPU
		{959902FA-299C-452B-8646-448834C1E5E9}.Release|ARM.Build.0 = Release|Any CPU
		{959902FA-299C-452B-8646-448834C1E5E9}.Release|x64.ActiveCfg = Release|Any CPU
		{959902FA-299C-452B-8646-448834C1E5E9}.Release|x64.Build.0 = Release|Any CPU
		{959902FA-299C-452B-8646-448834C1E5E9}.Release|x86.ActiveCfg = Release|Any CPU
		{959902FA-299C-452B-8646-448834C1E5E9}.Release|x86.Build.0 = Release|Any CPU
	EndGlobalSection
	GlobalSection(SolutionProperties) = preSolution
		HideSolutionNode = FALSE
	EndGlobalSection
EndGlobal
